// !$*UTF8*$!
{
	archiveVersion = 1;
	classes = {
	};
	objectVersion = 50;
	objects = {

/* Begin PBXBuildFile section */
		D30993A521F0C3FF00671359 /* RenderAUWithFFmpegDataManager.m in Sources */ = {isa = PBXBuildFile; fileRef = D30993A421F0C3FF00671359 /* RenderAUWithFFmpegDataManager.m */; };
		D315720C21EE1D3700A49D73 /* test.pcm in Resources */ = {isa = PBXBuildFile; fileRef = D315720B21EE11BA00A49D73 /* test.pcm */; };
		D318EB3C21FA037E000E7E96 /* accompany_decoder.cpp in Sources */ = {isa = PBXBuildFile; fileRef = D318EB3921FA037E000E7E96 /* accompany_decoder.cpp */; };
		D318EB3D21FA037E000E7E96 /* accompany_decoder_controller.cpp in Sources */ = {isa = PBXBuildFile; fileRef = D318EB3B21FA037E000E7E96 /* accompany_decoder_controller.cpp */; };
		D318EB4421FA0388000E7E96 /* MyDecoder.cpp in Sources */ = {isa = PBXBuildFile; fileRef = D318EB3E21FA0388000E7E96 /* MyDecoder.cpp */; };
		D318EB4521FA0388000E7E96 /* packet_queue.cpp in Sources */ = {isa = PBXBuildFile; fileRef = D318EB3F21FA0388000E7E96 /* packet_queue.cpp */; };
		D318EB4621FA0388000E7E96 /* packet_pool.cpp in Sources */ = {isa = PBXBuildFile; fileRef = D318EB4321FA0388000E7E96 /* packet_pool.cpp */; };
		D33CCC3921F42C1E00981467 /* libffmpeg.a in Frameworks */ = {isa = PBXBuildFile; fileRef = D33CCC3821F42C1E00981467 /* libffmpeg.a */; };
		D33CCC4321F451E000981467 /* MessageUI.framework in Frameworks */ = {isa = PBXBuildFile; fileRef = D33CCC4221F451E000981467 /* MessageUI.framework */; };
		D33CCC4521F451F700981467 /* libiconv.2.4.0.tbd in Frameworks */ = {isa = PBXBuildFile; fileRef = D33CCC4421F451F700981467 /* libiconv.2.4.0.tbd */; };
		D33CCC4B21F97F3C00981467 /* 111.aac in Resources */ = {isa = PBXBuildFile; fileRef = D33CCC4A21F97F3C00981467 /* 111.aac */; };
		D368A1C121E4B80F00FDF169 /* AppDelegate.m in Sources */ = {isa = PBXBuildFile; fileRef = D368A1C021E4B80F00FDF169 /* AppDelegate.m */; };
		D368A1C421E4B80F00FDF169 /* ViewController.mm in Sources */ = {isa = PBXBuildFile; fileRef = D368A1C321E4B80F00FDF169 /* ViewController.mm */; };
		D368A1C721E4B80F00FDF169 /* Main.storyboard in Resources */ = {isa = PBXBuildFile; fileRef = D368A1C521E4B80F00FDF169 /* Main.storyboard */; };
		D368A1C921E4B81000FDF169 /* Assets.xcassets in Resources */ = {isa = PBXBuildFile; fileRef = D368A1C821E4B81000FDF169 /* Assets.xcassets */; };
		D368A1CC21E4B81000FDF169 /* LaunchScreen.storyboard in Resources */ = {isa = PBXBuildFile; fileRef = D368A1CA21E4B81000FDF169 /* LaunchScreen.storyboard */; };
		D368A1CF21E4B81000FDF169 /* main.m in Sources */ = {isa = PBXBuildFile; fileRef = D368A1CE21E4B81000FDF169 /* main.m */; };
		D368A1D721E4B82100FDF169 /* ConnectNodesAndRecordManager.m in Sources */ = {isa = PBXBuildFile; fileRef = D368A1D621E4B82100FDF169 /* ConnectNodesAndRecordManager.m */; };
		D368A1D921E4D36200FDF169 /* sound.m4a in Resources */ = {isa = PBXBuildFile; fileRef = D368A1D821E4CB1B00FDF169 /* sound.m4a */; };
		D3B8A20B21F749FC00EA1F1F /* 131.aac in Resources */ = {isa = PBXBuildFile; fileRef = D3B8A20A21F749FC00EA1F1F /* 131.aac */; };
		D3B8A20E21F74A3D00EA1F1F /* abc.aac in Resources */ = {isa = PBXBuildFile; fileRef = D3B8A20C21F74A3D00EA1F1F /* abc.aac */; };
		D3B8A20F21F74A3D00EA1F1F /* abc.pcm in Resources */ = {isa = PBXBuildFile; fileRef = D3B8A20D21F74A3D00EA1F1F /* abc.pcm */; };
		D3E042422205A1130086A76C /* CommonUtil.m in Sources */ = {isa = PBXBuildFile; fileRef = D3E042412205A1130086A76C /* CommonUtil.m */; };
		D3E042442205D0E90086A76C /* RenderAUWithStreamDataManager.m in Sources */ = {isa = PBXBuildFile; fileRef = D3E042432205D0E90086A76C /* RenderAUWithStreamDataManager.m */; };
		D3E04249220737C40086A76C /* ConnectAUNodesManager.m in Sources */ = {isa = PBXBuildFile; fileRef = D3E04248220737C40086A76C /* ConnectAUNodesManager.m */; };
/* End PBXBuildFile section */

/* Begin PBXFileReference section */
		D30993A421F0C3FF00671359 /* RenderAUWithFFmpegDataManager.m */ = {isa = PBXFileReference; fileEncoding = 4; lastKnownFileType = sourcecode.c.objc; path = RenderAUWithFFmpegDataManager.m; sourceTree = "<group>"; };
		D315720821EE0F1C00A49D73 /* RenderAUWithFFmpegDataManager.h */ = {isa = PBXFileReference; lastKnownFileType = sourcecode.c.h; path = RenderAUWithFFmpegDataManager.h; sourceTree = "<group>"; };
		D315720B21EE11BA00A49D73 /* test.pcm */ = {isa = PBXFileReference; lastKnownFileType = file; name = test.pcm; path = AudUnit/Resources/test.pcm; sourceTree = SOURCE_ROOT; };
		D318EB3221FA02AA000E7E96 /* RenderAUWithStreamDataManager.h */ = {isa = PBXFileReference; fileEncoding = 4; lastKnownFileType = sourcecode.c.h; path = RenderAUWithStreamDataManager.h; sourceTree = "<group>"; };
		D318EB3821FA037E000E7E96 /* accompany_decoder_controller.h */ = {isa = PBXFileReference; fileEncoding = 4; lastKnownFileType = sourcecode.c.h; name = accompany_decoder_controller.h; path = AudUnit/accompany_decoder_controller.h; sourceTree = SOURCE_ROOT; };
		D318EB3921FA037E000E7E96 /* accompany_decoder.cpp */ = {isa = PBXFileReference; fileEncoding = 4; lastKnownFileType = sourcecode.cpp.cpp; name = accompany_decoder.cpp; path = AudUnit/accompany_decoder.cpp; sourceTree = SOURCE_ROOT; };
		D318EB3A21FA037E000E7E96 /* accompany_decoder.h */ = {isa = PBXFileReference; fileEncoding = 4; lastKnownFileType = sourcecode.c.h; name = accompany_decoder.h; path = AudUnit/accompany_decoder.h; sourceTree = SOURCE_ROOT; };
		D318EB3B21FA037E000E7E96 /* accompany_decoder_controller.cpp */ = {isa = PBXFileReference; fileEncoding = 4; lastKnownFileType = sourcecode.cpp.cpp; name = accompany_decoder_controller.cpp; path = AudUnit/accompany_decoder_controller.cpp; sourceTree = SOURCE_ROOT; };
		D318EB3E21FA0388000E7E96 /* MyDecoder.cpp */ = {isa = PBXFileReference; fileEncoding = 4; lastKnownFileType = sourcecode.cpp.cpp; name = MyDecoder.cpp; path = AudUnit/MyDecoder.cpp; sourceTree = SOURCE_ROOT; };
		D318EB3F21FA0388000E7E96 /* packet_queue.cpp */ = {isa = PBXFileReference; fileEncoding = 4; lastKnownFileType = sourcecode.cpp.cpp; name = packet_queue.cpp; path = AudUnit/packet_queue.cpp; sourceTree = SOURCE_ROOT; };
		D318EB4021FA0388000E7E96 /* MyDecoder.hpp */ = {isa = PBXFileReference; fileEncoding = 4; lastKnownFileType = sourcecode.cpp.h; name = MyDecoder.hpp; path = AudUnit/MyDecoder.hpp; sourceTree = SOURCE_ROOT; };
		D318EB4121FA0388000E7E96 /* packet_pool.h */ = {isa = PBXFileReference; fileEncoding = 4; lastKnownFileType = sourcecode.c.h; name = packet_pool.h; path = AudUnit/packet_pool.h; sourceTree = SOURCE_ROOT; };
		D318EB4221FA0388000E7E96 /* packet_queue.h */ = {isa = PBXFileReference; fileEncoding = 4; lastKnownFileType = sourcecode.c.h; name = packet_queue.h; path = AudUnit/packet_queue.h; sourceTree = SOURCE_ROOT; };
		D318EB4321FA0388000E7E96 /* packet_pool.cpp */ = {isa = PBXFileReference; fileEncoding = 4; lastKnownFileType = sourcecode.cpp.cpp; name = packet_pool.cpp; path = AudUnit/packet_pool.cpp; sourceTree = SOURCE_ROOT; };
		D33CCBE821F42C1E00981467 /* avcodec.h */ = {isa = PBXFileReference; fileEncoding = 4; lastKnownFileType = sourcecode.c.h; path = avcodec.h; sourceTree = "<group>"; };
		D33CCBE921F42C1E00981467 /* version.h */ = {isa = PBXFileReference; fileEncoding = 4; lastKnownFileType = sourcecode.c.h; path = version.h; sourceTree = "<group>"; };
		D33CCBEA21F42C1E00981467 /* buffersrc.h */ = {isa = PBXFileReference; fileEncoding = 4; lastKnownFileType = sourcecode.c.h; path = buffersrc.h; sourceTree = "<group>"; };
		D33CCBEB21F42C1E00981467 /* asrc_abuffer.h */ = {isa = PBXFileReference; fileEncoding = 4; lastKnownFileType = sourcecode.c.h; path = asrc_abuffer.h; sourceTree = "<group>"; };
		D33CCBEC21F42C1E00981467 /* buffersink.h */ = {isa = PBXFileReference; fileEncoding = 4; lastKnownFileType = sourcecode.c.h; path = buffersink.h; sourceTree = "<group>"; };
		D33CCBED21F42C1E00981467 /* avfilter.h */ = {isa = PBXFileReference; fileEncoding = 4; lastKnownFileType = sourcecode.c.h; path = avfilter.h; sourceTree = "<group>"; };
		D33CCBEE21F42C1E00981467 /* avfiltergraph.h */ = {isa = PBXFileReference; fileEncoding = 4; lastKnownFileType = sourcecode.c.h; path = avfiltergraph.h; sourceTree = "<group>"; };
		D33CCBF021F42C1E00981467 /* intfloat.h */ = {isa = PBXFileReference; fileEncoding = 4; lastKnownFileType = sourcecode.c.h; path = intfloat.h; sourceTree = "<group>"; };
		D33CCBF121F42C1E00981467 /* error.h */ = {isa = PBXFileReference; fileEncoding = 4; lastKnownFileType = sourcecode.c.h; path = error.h; sourceTree = "<group>"; };
		D33CCBF221F42C1E00981467 /* fifo.h */ = {isa = PBXFileReference; fileEncoding = 4; lastKnownFileType = sourcecode.c.h; path = fifo.h; sourceTree = "<group>"; };
		D33CCBF321F42C1E00981467 /* blowfish.h */ = {isa = PBXFileReference; fileEncoding = 4; lastKnownFileType = sourcecode.c.h; path = blowfish.h; sourceTree = "<group>"; };
		D33CCBF421F42C1E00981467 /* version.h */ = {isa = PBXFileReference; fileEncoding = 4; lastKnownFileType = sourcecode.c.h; path = version.h; sourceTree = "<group>"; };
		D33CCBF521F42C1E00981467 /* murmur3.h */ = {isa = PBXFileReference; fileEncoding = 4; lastKnownFileType = sourcecode.c.h; path = murmur3.h; sourceTree = "<group>"; };
		D33CCBF621F42C1E00981467 /* samplefmt.h */ = {isa = PBXFileReference; fileEncoding = 4; lastKnownFileType = sourcecode.c.h; path = samplefmt.h; sourceTree = "<group>"; };
		D33CCBF721F42C1E00981467 /* pixdesc.h */ = {isa = PBXFileReference; fileEncoding = 4; lastKnownFileType = sourcecode.c.h; path = pixdesc.h; sourceTree = "<group>"; };
		D33CCBF821F42C1E00981467 /* base64.h */ = {isa = PBXFileReference; fileEncoding = 4; lastKnownFileType = sourcecode.c.h; path = base64.h; sourceTree = "<group>"; };
		D33CCBF921F42C1E00981467 /* rational.h */ = {isa = PBXFileReference; fileEncoding = 4; lastKnownFileType = sourcecode.c.h; path = rational.h; sourceTree = "<group>"; };
		D33CCBFA21F42C1E00981467 /* sha.h */ = {isa = PBXFileReference; fileEncoding = 4; lastKnownFileType = sourcecode.c.h; path = sha.h; sourceTree = "<group>"; };
		D33CCBFB21F42C1E00981467 /* avconfig.h */ = {isa = PBXFileReference; fileEncoding = 4; lastKnownFileType = sourcecode.c.h; path = avconfig.h; sourceTree = "<group>"; };
		D33CCBFC21F42C1E00981467 /* lfg.h */ = {isa = PBXFileReference; fileEncoding = 4; lastKnownFileType = sourcecode.c.h; path = lfg.h; sourceTree = "<group>"; };
		D33CCBFD21F42C1E00981467 /* avutil.h */ = {isa = PBXFileReference; fileEncoding = 4; lastKnownFileType = sourcecode.c.h; path = avutil.h; sourceTree = "<group>"; };
		D33CCBFE21F42C1E00981467 /* intfloat_readwrite.h */ = {isa = PBXFileReference; fileEncoding = 4; lastKnownFileType = sourcecode.c.h; path = intfloat_readwrite.h; sourceTree = "<group>"; };
		D33CCBFF21F42C1E00981467 /* time_x.h */ = {isa = PBXFileReference; fileEncoding = 4; lastKnownFileType = sourcecode.c.h; path = time_x.h; sourceTree = "<group>"; };
		D33CCC0021F42C1E00981467 /* xtea.h */ = {isa = PBXFileReference; fileEncoding = 4; lastKnownFileType = sourcecode.c.h; path = xtea.h; sourceTree = "<group>"; };
		D33CCC0121F42C1E00981467 /* crc.h */ = {isa = PBXFileReference; fileEncoding = 4; lastKnownFileType = sourcecode.c.h; path = crc.h; sourceTree = "<group>"; };
		D33CCC0221F42C1E00981467 /* frame.h */ = {isa = PBXFileReference; fileEncoding = 4; lastKnownFileType = sourcecode.c.h; path = frame.h; sourceTree = "<group>"; };
		D33CCC0321F42C1E00981467 /* file.h */ = {isa = PBXFileReference; fileEncoding = 4; lastKnownFileType = sourcecode.c.h; path = file.h; sourceTree = "<group>"; };
		D33CCC0421F42C1E00981467 /* md5.h */ = {isa = PBXFileReference; fileEncoding = 4; lastKnownFileType = sourcecode.c.h; path = md5.h; sourceTree = "<group>"; };
		D33CCC0521F42C1E00981467 /* audio_fifo.h */ = {isa = PBXFileReference; fileEncoding = 4; lastKnownFileType = sourcecode.c.h; path = audio_fifo.h; sourceTree = "<group>"; };
		D33CCC0621F42C1E00981467 /* attributes.h */ = {isa = PBXFileReference; fileEncoding = 4; lastKnownFileType = sourcecode.c.h; path = attributes.h; sourceTree = "<group>"; };
		D33CCC0721F42C1E00981467 /* adler32.h */ = {isa = PBXFileReference; fileEncoding = 4; lastKnownFileType = sourcecode.c.h; path = adler32.h; sourceTree = "<group>"; };
		D33CCC0821F42C1E00981467 /* timecode.h */ = {isa = PBXFileReference; fileEncoding = 4; lastKnownFileType = sourcecode.c.h; path = timecode.h; sourceTree = "<group>"; };
		D33CCC0921F42C1E00981467 /* sha512.h */ = {isa = PBXFileReference; fileEncoding = 4; lastKnownFileType = sourcecode.c.h; path = sha512.h; sourceTree = "<group>"; };
		D33CCC0A21F42C1E00981467 /* buffer.h */ = {isa = PBXFileReference; fileEncoding = 4; lastKnownFileType = sourcecode.c.h; path = buffer.h; sourceTree = "<group>"; };
		D33CCC0B21F42C1E00981467 /* common.h */ = {isa = PBXFileReference; fileEncoding = 4; lastKnownFileType = sourcecode.c.h; path = common.h; sourceTree = "<group>"; };
		D33CCC0C21F42C1E00981467 /* hmac.h */ = {isa = PBXFileReference; fileEncoding = 4; lastKnownFileType = sourcecode.c.h; path = hmac.h; sourceTree = "<group>"; };
		D33CCC0D21F42C1E00981467 /* eval.h */ = {isa = PBXFileReference; fileEncoding = 4; lastKnownFileType = sourcecode.c.h; path = eval.h; sourceTree = "<group>"; };
		D33CCC0E21F42C1E00981467 /* dict.h */ = {isa = PBXFileReference; fileEncoding = 4; lastKnownFileType = sourcecode.c.h; path = dict.h; sourceTree = "<group>"; };
		D33CCC0F21F42C1E00981467 /* random_seed.h */ = {isa = PBXFileReference; fileEncoding = 4; lastKnownFileType = sourcecode.c.h; path = random_seed.h; sourceTree = "<group>"; };
		D33CCC1021F42C1E00981467 /* opt.h */ = {isa = PBXFileReference; fileEncoding = 4; lastKnownFileType = sourcecode.c.h; path = opt.h; sourceTree = "<group>"; };
		D33CCC1121F42C1E00981467 /* log.h */ = {isa = PBXFileReference; fileEncoding = 4; lastKnownFileType = sourcecode.c.h; path = log.h; sourceTree = "<group>"; };
		D33CCC1221F42C1E00981467 /* aes.h */ = {isa = PBXFileReference; fileEncoding = 4; lastKnownFileType = sourcecode.c.h; path = aes.h; sourceTree = "<group>"; };
		D33CCC1321F42C1E00981467 /* bswap.h */ = {isa = PBXFileReference; fileEncoding = 4; lastKnownFileType = sourcecode.c.h; path = bswap.h; sourceTree = "<group>"; };
		D33CCC1421F42C1E00981467 /* old_pix_fmts.h */ = {isa = PBXFileReference; fileEncoding = 4; lastKnownFileType = sourcecode.c.h; path = old_pix_fmts.h; sourceTree = "<group>"; };
		D33CCC1521F42C1E00981467 /* cpu.h */ = {isa = PBXFileReference; fileEncoding = 4; lastKnownFileType = sourcecode.c.h; path = cpu.h; sourceTree = "<group>"; };
		D33CCC1621F42C1E00981467 /* audioconvert.h */ = {isa = PBXFileReference; fileEncoding = 4; lastKnownFileType = sourcecode.c.h; path = audioconvert.h; sourceTree = "<group>"; };
		D33CCC1721F42C1E00981467 /* channel_layout.h */ = {isa = PBXFileReference; fileEncoding = 4; lastKnownFileType = sourcecode.c.h; path = channel_layout.h; sourceTree = "<group>"; };
		D33CCC1821F42C1E00981467 /* imgutils.h */ = {isa = PBXFileReference; fileEncoding = 4; lastKnownFileType = sourcecode.c.h; path = imgutils.h; sourceTree = "<group>"; };
		D33CCC1921F42C1E00981467 /* mem.h */ = {isa = PBXFileReference; fileEncoding = 4; lastKnownFileType = sourcecode.c.h; path = mem.h; sourceTree = "<group>"; };
		D33CCC1A21F42C1E00981467 /* parseutils.h */ = {isa = PBXFileReference; fileEncoding = 4; lastKnownFileType = sourcecode.c.h; path = parseutils.h; sourceTree = "<group>"; };
		D33CCC1B21F42C1E00981467 /* ripemd.h */ = {isa = PBXFileReference; fileEncoding = 4; lastKnownFileType = sourcecode.c.h; path = ripemd.h; sourceTree = "<group>"; };
		D33CCC1C21F42C1E00981467 /* bprint.h */ = {isa = PBXFileReference; fileEncoding = 4; lastKnownFileType = sourcecode.c.h; path = bprint.h; sourceTree = "<group>"; };
		D33CCC1D21F42C1E00981467 /* pixfmt.h */ = {isa = PBXFileReference; fileEncoding = 4; lastKnownFileType = sourcecode.c.h; path = pixfmt.h; sourceTree = "<group>"; };
		D33CCC1E21F42C1E00981467 /* timestamp.h */ = {isa = PBXFileReference; fileEncoding = 4; lastKnownFileType = sourcecode.c.h; path = timestamp.h; sourceTree = "<group>"; };
		D33CCC1F21F42C1E00981467 /* avassert.h */ = {isa = PBXFileReference; fileEncoding = 4; lastKnownFileType = sourcecode.c.h; path = avassert.h; sourceTree = "<group>"; };
		D33CCC2021F42C1E00981467 /* mathematics.h */ = {isa = PBXFileReference; fileEncoding = 4; lastKnownFileType = sourcecode.c.h; path = mathematics.h; sourceTree = "<group>"; };
		D33CCC2121F42C1E00981467 /* intreadwrite.h */ = {isa = PBXFileReference; fileEncoding = 4; lastKnownFileType = sourcecode.c.h; path = intreadwrite.h; sourceTree = "<group>"; };
		D33CCC2221F42C1E00981467 /* avstring.h */ = {isa = PBXFileReference; fileEncoding = 4; lastKnownFileType = sourcecode.c.h; path = avstring.h; sourceTree = "<group>"; };
		D33CCC2421F42C1E00981467 /* version.h */ = {isa = PBXFileReference; fileEncoding = 4; lastKnownFileType = sourcecode.c.h; path = version.h; sourceTree = "<group>"; };
		D33CCC2521F42C1E00981467 /* avio.h */ = {isa = PBXFileReference; fileEncoding = 4; lastKnownFileType = sourcecode.c.h; path = avio.h; sourceTree = "<group>"; };
		D33CCC2621F42C1E00981467 /* avformat.h */ = {isa = PBXFileReference; fileEncoding = 4; lastKnownFileType = sourcecode.c.h; path = avformat.h; sourceTree = "<group>"; };
		D33CCC2821F42C1E00981467 /* version.h */ = {isa = PBXFileReference; fileEncoding = 4; lastKnownFileType = sourcecode.c.h; path = version.h; sourceTree = "<group>"; };
		D33CCC2921F42C1E00981467 /* swscale.h */ = {isa = PBXFileReference; fileEncoding = 4; lastKnownFileType = sourcecode.c.h; path = swscale.h; sourceTree = "<group>"; };
		D33CCC2B21F42C1E00981467 /* avcodec.h */ = {isa = PBXFileReference; fileEncoding = 4; lastKnownFileType = sourcecode.c.h; path = avcodec.h; sourceTree = "<group>"; };
		D33CCC2C21F42C1E00981467 /* version.h */ = {isa = PBXFileReference; fileEncoding = 4; lastKnownFileType = sourcecode.c.h; path = version.h; sourceTree = "<group>"; };
		D33CCC2D21F42C1E00981467 /* vdpau.h */ = {isa = PBXFileReference; fileEncoding = 4; lastKnownFileType = sourcecode.c.h; path = vdpau.h; sourceTree = "<group>"; };
		D33CCC2E21F42C1E00981467 /* vaapi.h */ = {isa = PBXFileReference; fileEncoding = 4; lastKnownFileType = sourcecode.c.h; path = vaapi.h; sourceTree = "<group>"; };
		D33CCC2F21F42C1E00981467 /* xvmc.h */ = {isa = PBXFileReference; fileEncoding = 4; lastKnownFileType = sourcecode.c.h; path = xvmc.h; sourceTree = "<group>"; };
		D33CCC3021F42C1E00981467 /* avfft.h */ = {isa = PBXFileReference; fileEncoding = 4; lastKnownFileType = sourcecode.c.h; path = avfft.h; sourceTree = "<group>"; };
		D33CCC3121F42C1E00981467 /* vda.h */ = {isa = PBXFileReference; fileEncoding = 4; lastKnownFileType = sourcecode.c.h; path = vda.h; sourceTree = "<group>"; };
		D33CCC3221F42C1E00981467 /* dxva2.h */ = {isa = PBXFileReference; fileEncoding = 4; lastKnownFileType = sourcecode.c.h; path = dxva2.h; sourceTree = "<group>"; };
		D33CCC3321F42C1E00981467 /* old_codec_ids.h */ = {isa = PBXFileReference; fileEncoding = 4; lastKnownFileType = sourcecode.c.h; path = old_codec_ids.h; sourceTree = "<group>"; };
		D33CCC3521F42C1E00981467 /* version.h */ = {isa = PBXFileReference; fileEncoding = 4; lastKnownFileType = sourcecode.c.h; path = version.h; sourceTree = "<group>"; };
		D33CCC3621F42C1E00981467 /* swresample.h */ = {isa = PBXFileReference; fileEncoding = 4; lastKnownFileType = sourcecode.c.h; path = swresample.h; sourceTree = "<group>"; };
		D33CCC3821F42C1E00981467 /* libffmpeg.a */ = {isa = PBXFileReference; lastKnownFileType = archive.ar; path = libffmpeg.a; sourceTree = "<group>"; };
		D33CCC4221F451E000981467 /* MessageUI.framework */ = {isa = PBXFileReference; lastKnownFileType = wrapper.framework; name = MessageUI.framework; path = System/Library/Frameworks/MessageUI.framework; sourceTree = SDKROOT; };
		D33CCC4421F451F700981467 /* libiconv.2.4.0.tbd */ = {isa = PBXFileReference; lastKnownFileType = "sourcecode.text-based-dylib-definition"; name = libiconv.2.4.0.tbd; path = usr/lib/libiconv.2.4.0.tbd; sourceTree = SDKROOT; };
		D33CCC4A21F97F3C00981467 /* 111.aac */ = {isa = PBXFileReference; lastKnownFileType = file; path = 111.aac; sourceTree = "<group>"; };
		D368A1BC21E4B80F00FDF169 /* AudUnit.app */ = {isa = PBXFileReference; explicitFileType = wrapper.application; includeInIndex = 0; path = AudUnit.app; sourceTree = BUILT_PRODUCTS_DIR; };
		D368A1BF21E4B80F00FDF169 /* AppDelegate.h */ = {isa = PBXFileReference; lastKnownFileType = sourcecode.c.h; path = AppDelegate.h; sourceTree = "<group>"; };
		D368A1C021E4B80F00FDF169 /* AppDelegate.m */ = {isa = PBXFileReference; lastKnownFileType = sourcecode.c.objc; path = AppDelegate.m; sourceTree = "<group>"; };
		D368A1C221E4B80F00FDF169 /* ViewController.h */ = {isa = PBXFileReference; lastKnownFileType = sourcecode.c.h; path = ViewController.h; sourceTree = "<group>"; };
		D368A1C321E4B80F00FDF169 /* ViewController.mm */ = {isa = PBXFileReference; lastKnownFileType = sourcecode.cpp.objcpp; path = ViewController.mm; sourceTree = "<group>"; };
		D368A1C621E4B80F00FDF169 /* Base */ = {isa = PBXFileReference; lastKnownFileType = file.storyboard; name = Base; path = Base.lproj/Main.storyboard; sourceTree = "<group>"; };
		D368A1C821E4B81000FDF169 /* Assets.xcassets */ = {isa = PBXFileReference; lastKnownFileType = folder.assetcatalog; path = Assets.xcassets; sourceTree = "<group>"; };
		D368A1CB21E4B81000FDF169 /* Base */ = {isa = PBXFileReference; lastKnownFileType = file.storyboard; name = Base; path = Base.lproj/LaunchScreen.storyboard; sourceTree = "<group>"; };
		D368A1CD21E4B81000FDF169 /* Info.plist */ = {isa = PBXFileReference; lastKnownFileType = text.plist.xml; path = Info.plist; sourceTree = "<group>"; };
		D368A1CE21E4B81000FDF169 /* main.m */ = {isa = PBXFileReference; lastKnownFileType = sourcecode.c.objc; path = main.m; sourceTree = "<group>"; };
		D368A1D521E4B82100FDF169 /* ConnectNodesAndRecordManager.h */ = {isa = PBXFileReference; fileEncoding = 4; lastKnownFileType = sourcecode.c.h; path = ConnectNodesAndRecordManager.h; sourceTree = "<group>"; };
		D368A1D621E4B82100FDF169 /* ConnectNodesAndRecordManager.m */ = {isa = PBXFileReference; fileEncoding = 4; lastKnownFileType = sourcecode.c.objc; path = ConnectNodesAndRecordManager.m; sourceTree = "<group>"; };
		D368A1D821E4CB1B00FDF169 /* sound.m4a */ = {isa = PBXFileReference; lastKnownFileType = file; path = sound.m4a; sourceTree = "<group>"; };
		D3B8A20A21F749FC00EA1F1F /* 131.aac */ = {isa = PBXFileReference; lastKnownFileType = file; path = 131.aac; sourceTree = "<group>"; };
		D3B8A20C21F74A3D00EA1F1F /* abc.aac */ = {isa = PBXFileReference; lastKnownFileType = file; path = abc.aac; sourceTree = "<group>"; };
		D3B8A20D21F74A3D00EA1F1F /* abc.pcm */ = {isa = PBXFileReference; lastKnownFileType = file; path = abc.pcm; sourceTree = "<group>"; };
		D3E042402205A1130086A76C /* CommonUtil.h */ = {isa = PBXFileReference; fileEncoding = 4; lastKnownFileType = sourcecode.c.h; path = CommonUtil.h; sourceTree = "<group>"; };
		D3E042412205A1130086A76C /* CommonUtil.m */ = {isa = PBXFileReference; fileEncoding = 4; lastKnownFileType = sourcecode.c.objc; path = CommonUtil.m; sourceTree = "<group>"; };
		D3E042432205D0E90086A76C /* RenderAUWithStreamDataManager.m */ = {isa = PBXFileReference; fileEncoding = 4; lastKnownFileType = sourcecode.c.objc; path = RenderAUWithStreamDataManager.m; sourceTree = "<group>"; };
		D3E04247220737C40086A76C /* ConnectAUNodesManager.h */ = {isa = PBXFileReference; fileEncoding = 4; lastKnownFileType = sourcecode.c.h; path = ConnectAUNodesManager.h; sourceTree = "<group>"; };
		D3E04248220737C40086A76C /* ConnectAUNodesManager.m */ = {isa = PBXFileReference; fileEncoding = 4; lastKnownFileType = sourcecode.c.objc; path = ConnectAUNodesManager.m; sourceTree = "<group>"; };
/* End PBXFileReference section */

/* Begin PBXFrameworksBuildPhase section */
		D368A1B921E4B80F00FDF169 /* Frameworks */ = {
			isa = PBXFrameworksBuildPhase;
			buildActionMask = 2147483647;
			files = (
				D33CCC4521F451F700981467 /* libiconv.2.4.0.tbd in Frameworks */,
				D33CCC4321F451E000981467 /* MessageUI.framework in Frameworks */,
				D33CCC3921F42C1E00981467 /* libffmpeg.a in Frameworks */,
			);
			runOnlyForDeploymentPostprocessing = 0;
		};
/* End PBXFrameworksBuildPhase section */

/* Begin PBXGroup section */
		D318EB3721FA0362000E7E96 /* FFmpeg */ = {
			isa = PBXGroup;
			children = (
				D318EB3E21FA0388000E7E96 /* MyDecoder.cpp */,
				D318EB4021FA0388000E7E96 /* MyDecoder.hpp */,
				D318EB4321FA0388000E7E96 /* packet_pool.cpp */,
				D318EB4121FA0388000E7E96 /* packet_pool.h */,
				D318EB3F21FA0388000E7E96 /* packet_queue.cpp */,
				D318EB4221FA0388000E7E96 /* packet_queue.h */,
				D318EB3B21FA037E000E7E96 /* accompany_decoder_controller.cpp */,
				D318EB3821FA037E000E7E96 /* accompany_decoder_controller.h */,
				D318EB3921FA037E000E7E96 /* accompany_decoder.cpp */,
				D318EB3A21FA037E000E7E96 /* accompany_decoder.h */,
			);
			path = FFmpeg;
			sourceTree = "<group>";
		};
		D318EB4721FA03A1000E7E96 /* AU */ = {
			isa = PBXGroup;
			children = (
				D3E04247220737C40086A76C /* ConnectAUNodesManager.h */,
				D3E04248220737C40086A76C /* ConnectAUNodesManager.m */,
				D368A1D521E4B82100FDF169 /* ConnectNodesAndRecordManager.h */,
				D368A1D621E4B82100FDF169 /* ConnectNodesAndRecordManager.m */,
				D318EB3221FA02AA000E7E96 /* RenderAUWithStreamDataManager.h */,
				D3E042432205D0E90086A76C /* RenderAUWithStreamDataManager.m */,
				D315720821EE0F1C00A49D73 /* RenderAUWithFFmpegDataManager.h */,
				D30993A421F0C3FF00671359 /* RenderAUWithFFmpegDataManager.m */,
			);
			path = AU;
			sourceTree = "<group>";
		};
		D318EB4821FA03B3000E7E96 /* Resources */ = {
			isa = PBXGroup;
			children = (
				D3B8A20C21F74A3D00EA1F1F /* abc.aac */,
				D33CCC4A21F97F3C00981467 /* 111.aac */,
				D3B8A20D21F74A3D00EA1F1F /* abc.pcm */,
				D3B8A20A21F749FC00EA1F1F /* 131.aac */,
				D315720B21EE11BA00A49D73 /* test.pcm */,
				D368A1D821E4CB1B00FDF169 /* sound.m4a */,
			);
			path = Resources;
			sourceTree = "<group>";
		};
		D33CCBE421F42C1E00981467 /* 3rdparty */ = {
			isa = PBXGroup;
			children = (
				D33CCBE521F42C1E00981467 /* ffmpeg */,
			);
			path = 3rdparty;
			sourceTree = "<group>";
		};
		D33CCBE521F42C1E00981467 /* ffmpeg */ = {
			isa = PBXGroup;
			children = (
				D33CCBE621F42C1E00981467 /* include */,
				D33CCC3721F42C1E00981467 /* lib */,
			);
			path = ffmpeg;
			sourceTree = "<group>";
		};
		D33CCBE621F42C1E00981467 /* include */ = {
			isa = PBXGroup;
			children = (
				D33CCBE721F42C1E00981467 /* libavfilter */,
				D33CCBEF21F42C1E00981467 /* libavutil */,
				D33CCC2321F42C1E00981467 /* libavformat */,
				D33CCC2721F42C1E00981467 /* libswscale */,
				D33CCC2A21F42C1E00981467 /* libavcodec */,
				D33CCC3421F42C1E00981467 /* libswresample */,
			);
			path = include;
			sourceTree = "<group>";
		};
		D33CCBE721F42C1E00981467 /* libavfilter */ = {
			isa = PBXGroup;
			children = (
				D33CCBE821F42C1E00981467 /* avcodec.h */,
				D33CCBE921F42C1E00981467 /* version.h */,
				D33CCBEA21F42C1E00981467 /* buffersrc.h */,
				D33CCBEB21F42C1E00981467 /* asrc_abuffer.h */,
				D33CCBEC21F42C1E00981467 /* buffersink.h */,
				D33CCBED21F42C1E00981467 /* avfilter.h */,
				D33CCBEE21F42C1E00981467 /* avfiltergraph.h */,
			);
			path = libavfilter;
			sourceTree = "<group>";
		};
		D33CCBEF21F42C1E00981467 /* libavutil */ = {
			isa = PBXGroup;
			children = (
				D33CCBF021F42C1E00981467 /* intfloat.h */,
				D33CCBF121F42C1E00981467 /* error.h */,
				D33CCBF221F42C1E00981467 /* fifo.h */,
				D33CCBF321F42C1E00981467 /* blowfish.h */,
				D33CCBF421F42C1E00981467 /* version.h */,
				D33CCBF521F42C1E00981467 /* murmur3.h */,
				D33CCBF621F42C1E00981467 /* samplefmt.h */,
				D33CCBF721F42C1E00981467 /* pixdesc.h */,
				D33CCBF821F42C1E00981467 /* base64.h */,
				D33CCBF921F42C1E00981467 /* rational.h */,
				D33CCBFA21F42C1E00981467 /* sha.h */,
				D33CCBFB21F42C1E00981467 /* avconfig.h */,
				D33CCBFC21F42C1E00981467 /* lfg.h */,
				D33CCBFD21F42C1E00981467 /* avutil.h */,
				D33CCBFE21F42C1E00981467 /* intfloat_readwrite.h */,
				D33CCBFF21F42C1E00981467 /* time_x.h */,
				D33CCC0021F42C1E00981467 /* xtea.h */,
				D33CCC0121F42C1E00981467 /* crc.h */,
				D33CCC0221F42C1E00981467 /* frame.h */,
				D33CCC0321F42C1E00981467 /* file.h */,
				D33CCC0421F42C1E00981467 /* md5.h */,
				D33CCC0521F42C1E00981467 /* audio_fifo.h */,
				D33CCC0621F42C1E00981467 /* attributes.h */,
				D33CCC0721F42C1E00981467 /* adler32.h */,
				D33CCC0821F42C1E00981467 /* timecode.h */,
				D33CCC0921F42C1E00981467 /* sha512.h */,
				D33CCC0A21F42C1E00981467 /* buffer.h */,
				D33CCC0B21F42C1E00981467 /* common.h */,
				D33CCC0C21F42C1E00981467 /* hmac.h */,
				D33CCC0D21F42C1E00981467 /* eval.h */,
				D33CCC0E21F42C1E00981467 /* dict.h */,
				D33CCC0F21F42C1E00981467 /* random_seed.h */,
				D33CCC1021F42C1E00981467 /* opt.h */,
				D33CCC1121F42C1E00981467 /* log.h */,
				D33CCC1221F42C1E00981467 /* aes.h */,
				D33CCC1321F42C1E00981467 /* bswap.h */,
				D33CCC1421F42C1E00981467 /* old_pix_fmts.h */,
				D33CCC1521F42C1E00981467 /* cpu.h */,
				D33CCC1621F42C1E00981467 /* audioconvert.h */,
				D33CCC1721F42C1E00981467 /* channel_layout.h */,
				D33CCC1821F42C1E00981467 /* imgutils.h */,
				D33CCC1921F42C1E00981467 /* mem.h */,
				D33CCC1A21F42C1E00981467 /* parseutils.h */,
				D33CCC1B21F42C1E00981467 /* ripemd.h */,
				D33CCC1C21F42C1E00981467 /* bprint.h */,
				D33CCC1D21F42C1E00981467 /* pixfmt.h */,
				D33CCC1E21F42C1E00981467 /* timestamp.h */,
				D33CCC1F21F42C1E00981467 /* avassert.h */,
				D33CCC2021F42C1E00981467 /* mathematics.h */,
				D33CCC2121F42C1E00981467 /* intreadwrite.h */,
				D33CCC2221F42C1E00981467 /* avstring.h */,
			);
			path = libavutil;
			sourceTree = "<group>";
		};
		D33CCC2321F42C1E00981467 /* libavformat */ = {
			isa = PBXGroup;
			children = (
				D33CCC2421F42C1E00981467 /* version.h */,
				D33CCC2521F42C1E00981467 /* avio.h */,
				D33CCC2621F42C1E00981467 /* avformat.h */,
			);
			path = libavformat;
			sourceTree = "<group>";
		};
		D33CCC2721F42C1E00981467 /* libswscale */ = {
			isa = PBXGroup;
			children = (
				D33CCC2821F42C1E00981467 /* version.h */,
				D33CCC2921F42C1E00981467 /* swscale.h */,
			);
			path = libswscale;
			sourceTree = "<group>";
		};
		D33CCC2A21F42C1E00981467 /* libavcodec */ = {
			isa = PBXGroup;
			children = (
				D33CCC2B21F42C1E00981467 /* avcodec.h */,
				D33CCC2C21F42C1E00981467 /* version.h */,
				D33CCC2D21F42C1E00981467 /* vdpau.h */,
				D33CCC2E21F42C1E00981467 /* vaapi.h */,
				D33CCC2F21F42C1E00981467 /* xvmc.h */,
				D33CCC3021F42C1E00981467 /* avfft.h */,
				D33CCC3121F42C1E00981467 /* vda.h */,
				D33CCC3221F42C1E00981467 /* dxva2.h */,
				D33CCC3321F42C1E00981467 /* old_codec_ids.h */,
			);
			path = libavcodec;
			sourceTree = "<group>";
		};
		D33CCC3421F42C1E00981467 /* libswresample */ = {
			isa = PBXGroup;
			children = (
				D33CCC3521F42C1E00981467 /* version.h */,
				D33CCC3621F42C1E00981467 /* swresample.h */,
			);
			path = libswresample;
			sourceTree = "<group>";
		};
		D33CCC3721F42C1E00981467 /* lib */ = {
			isa = PBXGroup;
			children = (
				D33CCC3821F42C1E00981467 /* libffmpeg.a */,
			);
			path = lib;
			sourceTree = "<group>";
		};
		D33CCC4121F451E000981467 /* Frameworks */ = {
			isa = PBXGroup;
			children = (
				D33CCC4421F451F700981467 /* libiconv.2.4.0.tbd */,
				D33CCC4221F451E000981467 /* MessageUI.framework */,
			);
			name = Frameworks;
			sourceTree = "<group>";
		};
		D368A1B321E4B80F00FDF169 = {
			isa = PBXGroup;
			children = (
				D368A1BE21E4B80F00FDF169 /* AudUnit */,
				D368A1BD21E4B80F00FDF169 /* Products */,
				D33CCC4121F451E000981467 /* Frameworks */,
			);
			sourceTree = "<group>";
		};
		D368A1BD21E4B80F00FDF169 /* Products */ = {
			isa = PBXGroup;
			children = (
				D368A1BC21E4B80F00FDF169 /* AudUnit.app */,
			);
			name = Products;
			sourceTree = "<group>";
		};
		D368A1BE21E4B80F00FDF169 /* AudUnit */ = {
			isa = PBXGroup;
			children = (
				D3E0423F2205A1060086A76C /* Utilities */,
				D318EB4821FA03B3000E7E96 /* Resources */,
				D318EB4721FA03A1000E7E96 /* AU */,
				D318EB3721FA0362000E7E96 /* FFmpeg */,
				D33CCBE421F42C1E00981467 /* 3rdparty */,
				D368A1BF21E4B80F00FDF169 /* AppDelegate.h */,
				D368A1C021E4B80F00FDF169 /* AppDelegate.m */,
				D368A1C221E4B80F00FDF169 /* ViewController.h */,
				D368A1C321E4B80F00FDF169 /* ViewController.mm */,
				D368A1C521E4B80F00FDF169 /* Main.storyboard */,
				D368A1C821E4B81000FDF169 /* Assets.xcassets */,
				D368A1CA21E4B81000FDF169 /* LaunchScreen.storyboard */,
				D368A1CD21E4B81000FDF169 /* Info.plist */,
				D368A1CE21E4B81000FDF169 /* main.m */,
			);
			path = AudUnit;
			sourceTree = "<group>";
		};
		D3E0423F2205A1060086A76C /* Utilities */ = {
			isa = PBXGroup;
			children = (
				D3E042402205A1130086A76C /* CommonUtil.h */,
				D3E042412205A1130086A76C /* CommonUtil.m */,
			);
			path = Utilities;
			sourceTree = "<group>";
		};
/* End PBXGroup section */

/* Begin PBXNativeTarget section */
		D368A1BB21E4B80F00FDF169 /* AudUnit */ = {
			isa = PBXNativeTarget;
			buildConfigurationList = D368A1D221E4B81000FDF169 /* Build configuration list for PBXNativeTarget "AudUnit" */;
			buildPhases = (
				D368A1B821E4B80F00FDF169 /* Sources */,
				D368A1B921E4B80F00FDF169 /* Frameworks */,
				D368A1BA21E4B80F00FDF169 /* Resources */,
			);
			buildRules = (
			);
			dependencies = (
			);
			name = AudUnit;
			productName = AudUnit;
			productReference = D368A1BC21E4B80F00FDF169 /* AudUnit.app */;
			productType = "com.apple.product-type.application";
		};
/* End PBXNativeTarget section */

/* Begin PBXProject section */
		D368A1B421E4B80F00FDF169 /* Project object */ = {
			isa = PBXProject;
			attributes = {
				LastUpgradeCheck = 1010;
				ORGANIZATIONNAME = "sihang huang";
				TargetAttributes = {
					D368A1BB21E4B80F00FDF169 = {
						CreatedOnToolsVersion = 10.1;
					};
				};
			};
			buildConfigurationList = D368A1B721E4B80F00FDF169 /* Build configuration list for PBXProject "AudUnit" */;
			compatibilityVersion = "Xcode 9.3";
			developmentRegion = en;
			hasScannedForEncodings = 0;
			knownRegions = (
				en,
				Base,
			);
			mainGroup = D368A1B321E4B80F00FDF169;
			productRefGroup = D368A1BD21E4B80F00FDF169 /* Products */;
			projectDirPath = "";
			projectRoot = "";
			targets = (
				D368A1BB21E4B80F00FDF169 /* AudUnit */,
			);
		};
/* End PBXProject section */

/* Begin PBXResourcesBuildPhase section */
		D368A1BA21E4B80F00FDF169 /* Resources */ = {
			isa = PBXResourcesBuildPhase;
			buildActionMask = 2147483647;
			files = (
				D33CCC4B21F97F3C00981467 /* 111.aac in Resources */,
				D368A1CC21E4B81000FDF169 /* LaunchScreen.storyboard in Resources */,
				D368A1C921E4B81000FDF169 /* Assets.xcassets in Resources */,
				D3B8A20E21F74A3D00EA1F1F /* abc.aac in Resources */,
				D3B8A20F21F74A3D00EA1F1F /* abc.pcm in Resources */,
				D368A1D921E4D36200FDF169 /* sound.m4a in Resources */,
				D3B8A20B21F749FC00EA1F1F /* 131.aac in Resources */,
				D368A1C721E4B80F00FDF169 /* Main.storyboard in Resources */,
				D315720C21EE1D3700A49D73 /* test.pcm in Resources */,
			);
			runOnlyForDeploymentPostprocessing = 0;
		};
/* End PBXResourcesBuildPhase section */

/* Begin PBXSourcesBuildPhase section */
		D368A1B821E4B80F00FDF169 /* Sources */ = {
			isa = PBXSourcesBuildPhase;
			buildActionMask = 2147483647;
			files = (
				D318EB3D21FA037E000E7E96 /* accompany_decoder_controller.cpp in Sources */,
				D318EB3C21FA037E000E7E96 /* accompany_decoder.cpp in Sources */,
				D3E042442205D0E90086A76C /* RenderAUWithStreamDataManager.m in Sources */,
				D3E04249220737C40086A76C /* ConnectAUNodesManager.m in Sources */,
				D318EB4621FA0388000E7E96 /* packet_pool.cpp in Sources */,
				D368A1C421E4B80F00FDF169 /* ViewController.mm in Sources */,
				D30993A521F0C3FF00671359 /* RenderAUWithFFmpegDataManager.m in Sources */,
				D368A1CF21E4B81000FDF169 /* main.m in Sources */,
				D368A1D721E4B82100FDF169 /* ConnectNodesAndRecordManager.m in Sources */,
				D318EB4521FA0388000E7E96 /* packet_queue.cpp in Sources */,
				D368A1C121E4B80F00FDF169 /* AppDelegate.m in Sources */,
				D3E042422205A1130086A76C /* CommonUtil.m in Sources */,
				D318EB4421FA0388000E7E96 /* MyDecoder.cpp in Sources */,
			);
			runOnlyForDeploymentPostprocessing = 0;
		};
/* End PBXSourcesBuildPhase section */

/* Begin PBXVariantGroup section */
		D368A1C521E4B80F00FDF169 /* Main.storyboard */ = {
			isa = PBXVariantGroup;
			children = (
				D368A1C621E4B80F00FDF169 /* Base */,
			);
			name = Main.storyboard;
			sourceTree = "<group>";
		};
		D368A1CA21E4B81000FDF169 /* LaunchScreen.storyboard */ = {
			isa = PBXVariantGroup;
			children = (
				D368A1CB21E4B81000FDF169 /* Base */,
			);
			name = LaunchScreen.storyboard;
			sourceTree = "<group>";
		};
/* End PBXVariantGroup section */

/* Begin XCBuildConfiguration section */
		D368A1D021E4B81000FDF169 /* Debug */ = {
			isa = XCBuildConfiguration;
			buildSettings = {
				ALWAYS_SEARCH_USER_PATHS = NO;
				CLANG_ANALYZER_NONNULL = YES;
				CLANG_ANALYZER_NUMBER_OBJECT_CONVERSION = YES_AGGRESSIVE;
				CLANG_CXX_LANGUAGE_STANDARD = "gnu++14";
				CLANG_CXX_LIBRARY = "libc++";
				CLANG_ENABLE_MODULES = YES;
				CLANG_ENABLE_OBJC_ARC = YES;
				CLANG_ENABLE_OBJC_WEAK = YES;
				CLANG_WARN_BLOCK_CAPTURE_AUTORELEASING = YES;
				CLANG_WARN_BOOL_CONVERSION = YES;
				CLANG_WARN_COMMA = YES;
				CLANG_WARN_CONSTANT_CONVERSION = YES;
				CLANG_WARN_DEPRECATED_OBJC_IMPLEMENTATIONS = YES;
				CLANG_WARN_DIRECT_OBJC_ISA_USAGE = YES_ERROR;
				CLANG_WARN_DOCUMENTATION_COMMENTS = YES;
				CLANG_WARN_EMPTY_BODY = YES;
				CLANG_WARN_ENUM_CONVERSION = YES;
				CLANG_WARN_INFINITE_RECURSION = YES;
				CLANG_WARN_INT_CONVERSION = YES;
				CLANG_WARN_NON_LITERAL_NULL_CONVERSION = YES;
				CLANG_WARN_OBJC_IMPLICIT_RETAIN_SELF = YES;
				CLANG_WARN_OBJC_LITERAL_CONVERSION = YES;
				CLANG_WARN_OBJC_ROOT_CLASS = YES_ERROR;
				CLANG_WARN_RANGE_LOOP_ANALYSIS = YES;
				CLANG_WARN_STRICT_PROTOTYPES = YES;
				CLANG_WARN_SUSPICIOUS_MOVE = YES;
				CLANG_WARN_UNGUARDED_AVAILABILITY = YES_AGGRESSIVE;
				CLANG_WARN_UNREACHABLE_CODE = YES;
				CLANG_WARN__DUPLICATE_METHOD_MATCH = YES;
				CODE_SIGN_IDENTITY = "iPhone Developer";
				COPY_PHASE_STRIP = NO;
				DEBUG_INFORMATION_FORMAT = dwarf;
				ENABLE_STRICT_OBJC_MSGSEND = YES;
				ENABLE_TESTABILITY = YES;
				GCC_C_LANGUAGE_STANDARD = gnu11;
				GCC_DYNAMIC_NO_PIC = NO;
				GCC_NO_COMMON_BLOCKS = YES;
				GCC_OPTIMIZATION_LEVEL = 0;
				GCC_PREPROCESSOR_DEFINITIONS = (
					"DEBUG=1",
					"$(inherited)",
				);
				GCC_WARN_64_TO_32_BIT_CONVERSION = YES;
				GCC_WARN_ABOUT_RETURN_TYPE = YES_ERROR;
				GCC_WARN_UNDECLARED_SELECTOR = YES;
				GCC_WARN_UNINITIALIZED_AUTOS = YES_AGGRESSIVE;
				GCC_WARN_UNUSED_FUNCTION = YES;
				GCC_WARN_UNUSED_VARIABLE = YES;
				IPHONEOS_DEPLOYMENT_TARGET = 12.1;
				MTL_ENABLE_DEBUG_INFO = INCLUDE_SOURCE;
				MTL_FAST_MATH = YES;
				ONLY_ACTIVE_ARCH = YES;
				SDKROOT = iphoneos;
			};
			name = Debug;
		};
		D368A1D121E4B81000FDF169 /* Release */ = {
			isa = XCBuildConfiguration;
			buildSettings = {
				ALWAYS_SEARCH_USER_PATHS = NO;
				CLANG_ANALYZER_NONNULL = YES;
				CLANG_ANALYZER_NUMBER_OBJECT_CONVERSION = YES_AGGRESSIVE;
				CLANG_CXX_LANGUAGE_STANDARD = "gnu++14";
				CLANG_CXX_LIBRARY = "libc++";
				CLANG_ENABLE_MODULES = YES;
				CLANG_ENABLE_OBJC_ARC = YES;
				CLANG_ENABLE_OBJC_WEAK = YES;
				CLANG_WARN_BLOCK_CAPTURE_AUTORELEASING = YES;
				CLANG_WARN_BOOL_CONVERSION = YES;
				CLANG_WARN_COMMA = YES;
				CLANG_WARN_CONSTANT_CONVERSION = YES;
				CLANG_WARN_DEPRECATED_OBJC_IMPLEMENTATIONS = YES;
				CLANG_WARN_DIRECT_OBJC_ISA_USAGE = YES_ERROR;
				CLANG_WARN_DOCUMENTATION_COMMENTS = YES;
				CLANG_WARN_EMPTY_BODY = YES;
				CLANG_WARN_ENUM_CONVERSION = YES;
				CLANG_WARN_INFINITE_RECURSION = YES;
				CLANG_WARN_INT_CONVERSION = YES;
				CLANG_WARN_NON_LITERAL_NULL_CONVERSION = YES;
				CLANG_WARN_OBJC_IMPLICIT_RETAIN_SELF = YES;
				CLANG_WARN_OBJC_LITERAL_CONVERSION = YES;
				CLANG_WARN_OBJC_ROOT_CLASS = YES_ERROR;
				CLANG_WARN_RANGE_LOOP_ANALYSIS = YES;
				CLANG_WARN_STRICT_PROTOTYPES = YES;
				CLANG_WARN_SUSPICIOUS_MOVE = YES;
				CLANG_WARN_UNGUARDED_AVAILABILITY = YES_AGGRESSIVE;
				CLANG_WARN_UNREACHABLE_CODE = YES;
				CLANG_WARN__DUPLICATE_METHOD_MATCH = YES;
				CODE_SIGN_IDENTITY = "iPhone Developer";
				COPY_PHASE_STRIP = NO;
				DEBUG_INFORMATION_FORMAT = "dwarf-with-dsym";
				ENABLE_NS_ASSERTIONS = NO;
				ENABLE_STRICT_OBJC_MSGSEND = YES;
				GCC_C_LANGUAGE_STANDARD = gnu11;
				GCC_NO_COMMON_BLOCKS = YES;
				GCC_WARN_64_TO_32_BIT_CONVERSION = YES;
				GCC_WARN_ABOUT_RETURN_TYPE = YES_ERROR;
				GCC_WARN_UNDECLARED_SELECTOR = YES;
				GCC_WARN_UNINITIALIZED_AUTOS = YES_AGGRESSIVE;
				GCC_WARN_UNUSED_FUNCTION = YES;
				GCC_WARN_UNUSED_VARIABLE = YES;
				IPHONEOS_DEPLOYMENT_TARGET = 12.1;
				MTL_ENABLE_DEBUG_INFO = NO;
				MTL_FAST_MATH = YES;
				SDKROOT = iphoneos;
				VALIDATE_PRODUCT = YES;
			};
			name = Release;
		};
		D368A1D321E4B81000FDF169 /* Debug */ = {
			isa = XCBuildConfiguration;
			buildSettings = {
				ASSETCATALOG_COMPILER_APPICON_NAME = AppIcon;
				CODE_SIGN_STYLE = Automatic;
				DEVELOPMENT_TEAM = 496CFRCQ48;
				ENABLE_BITCODE = NO;
				HEADER_SEARCH_PATHS = "$(PROJECT_DIR)/AudUnit/3rdparty/ffmpeg/include";
				INFOPLIST_FILE = AudUnit/Info.plist;
				IPHONEOS_DEPLOYMENT_TARGET = 10.0;
				LD_RUNPATH_SEARCH_PATHS = (
					"$(inherited)",
					"@executable_path/Frameworks",
				);
				LIBRARY_SEARCH_PATHS = (
					"$(inherited)",
					"$(PROJECT_DIR)/AudUnit/3rdparty/ffmpeg/lib",
				);
				PRODUCT_BUNDLE_IDENTIFIER = com.edu.AudUnit;
				PRODUCT_NAME = "$(TARGET_NAME)";
				TARGETED_DEVICE_FAMILY = "1,2";
			};
			name = Debug;
		};
		D368A1D421E4B81000FDF169 /* Release */ = {
			isa = XCBuildConfiguration;
			buildSettings = {
				ASSETCATALOG_COMPILER_APPICON_NAME = AppIcon;
				CODE_SIGN_STYLE = Automatic;
				DEVELOPMENT_TEAM = 496CFRCQ48;
				ENABLE_BITCODE = NO;
				HEADER_SEARCH_PATHS = "$(PROJECT_DIR)/AudUnit/3rdparty/ffmpeg/include";
				INFOPLIST_FILE = AudUnit/Info.plist;
				IPHONEOS_DEPLOYMENT_TARGET = 10.0;
				LD_RUNPATH_SEARCH_PATHS = (
					"$(inherited)",
					"@executable_path/Frameworks",
				);
				LIBRARY_SEARCH_PATHS = (
					"$(inherited)",
					"$(PROJECT_DIR)/AudUnit/3rdparty/ffmpeg/lib",
				);
				PRODUCT_BUNDLE_IDENTIFIER = com.edu.AudUnit;
				PRODUCT_NAME = "$(TARGET_NAME)";
				TARGETED_DEVICE_FAMILY = "1,2";
			};
			name = Release;
		};
/* End XCBuildConfiguration section */

/* Begin XCConfigurationList section */
		D368A1B721E4B80F00FDF169 /* Build configuration list for PBXProject "AudUnit" */ = {
			isa = XCConfigurationList;
			buildConfigurations = (
				D368A1D021E4B81000FDF169 /* Debug */,
				D368A1D121E4B81000FDF169 /* Release */,
			);
			defaultConfigurationIsVisible = 0;
			defaultConfigurationName = Release;
		};
		D368A1D221E4B81000FDF169 /* Build configuration list for PBXNativeTarget "AudUnit" */ = {
			isa = XCConfigurationList;
			buildConfigurations = (
				D368A1D321E4B81000FDF169 /* Debug */,
				D368A1D421E4B81000FDF169 /* Release */,
			);
			defaultConfigurationIsVisible = 0;
			defaultConfigurationName = Release;
		};
/* End XCConfigurationList section */
	};
	rootObject = D368A1B421E4B80F00FDF169 /* Project object */;
}
