// !$*UTF8*$!
{
	archiveVersion = 1;
	classes = {
	};
	objectVersion = 50;
	objects = {

/* Begin PBXBuildFile section */
		D30993A521F0C3FF00671359 /* RenderAUWithFFmpegDataManager.m in Sources */ = {isa = PBXBuildFile; fileRef = D30993A421F0C3FF00671359 /* RenderAUWithFFmpegDataManager.m */; };
		D315720C21EE1D3700A49D73 /* test.pcm in Resources */ = {isa = PBXBuildFile; fileRef = D315720B21EE11BA00A49D73 /* test.pcm */; };
		D318EB3C21FA037E000E7E96 /* accompany_decoder.cpp in Sources */ = {isa = PBXBuildFile; fileRef = D318EB3921FA037E000E7E96 /* accompany_decoder.cpp */; };
		D318EB3D21FA037E000E7E96 /* accompany_decoder_controller.cpp in Sources */ = {isa = PBXBuildFile; fileRef = D318EB3B21FA037E000E7E96 /* accompany_decoder_controller.cpp */; };
		D318EB4421FA0388000E7E96 /* MyDecoder.cpp in Sources */ = {isa = PBXBuildFile; fileRef = D318EB3E21FA0388000E7E96 /* MyDecoder.cpp */; };
		D318EB4521FA0388000E7E96 /* packet_queue.cpp in Sources */ = {isa = PBXBuildFile; fileRef = D318EB3F21FA0388000E7E96 /* packet_queue.cpp */; };
		D318EB4621FA0388000E7E96 /* packet_pool.cpp in Sources */ = {isa = PBXBuildFile; fileRef = D318EB4321FA0388000E7E96 /* packet_pool.cpp */; };
		D3259168226DF69B005254F5 /* MyAUEncoder.m in Sources */ = {isa = PBXBuildFile; fileRef = D3259166226DF69B005254F5 /* MyAUEncoder.m */; };
		D3259169226DF69B005254F5 /* MyFFmpegEncoder.m in Sources */ = {isa = PBXBuildFile; fileRef = D3259167226DF69B005254F5 /* MyFFmpegEncoder.m */; };
		D32DF004232C83B400762EA9 /* SSZAACSoftEncoder.m in Sources */ = {isa = PBXBuildFile; fileRef = D32DF002232C83B300762EA9 /* SSZAACSoftEncoder.m */; };
		D32DF006232C840900762EA9 /* FDK-AAC in Resources */ = {isa = PBXBuildFile; fileRef = D32DF005232C840900762EA9 /* FDK-AAC */; };
		D32DF009232CE09400762EA9 /* SSZAudioConfig.m in Sources */ = {isa = PBXBuildFile; fileRef = D32DF008232CE09400762EA9 /* SSZAudioConfig.m */; };
		D33CCC4521F451F700981467 /* libiconv.2.4.0.tbd in Frameworks */ = {isa = PBXBuildFile; fileRef = D33CCC4421F451F700981467 /* libiconv.2.4.0.tbd */; };
		D33CCC4B21F97F3C00981467 /* 111.aac in Resources */ = {isa = PBXBuildFile; fileRef = D33CCC4A21F97F3C00981467 /* 111.aac */; };
		D368A1C121E4B80F00FDF169 /* AppDelegate.m in Sources */ = {isa = PBXBuildFile; fileRef = D368A1C021E4B80F00FDF169 /* AppDelegate.m */; };
		D368A1C421E4B80F00FDF169 /* ViewController.mm in Sources */ = {isa = PBXBuildFile; fileRef = D368A1C321E4B80F00FDF169 /* ViewController.mm */; };
		D368A1C721E4B80F00FDF169 /* Main.storyboard in Resources */ = {isa = PBXBuildFile; fileRef = D368A1C521E4B80F00FDF169 /* Main.storyboard */; };
		D368A1C921E4B81000FDF169 /* Assets.xcassets in Resources */ = {isa = PBXBuildFile; fileRef = D368A1C821E4B81000FDF169 /* Assets.xcassets */; };
		D368A1CC21E4B81000FDF169 /* LaunchScreen.storyboard in Resources */ = {isa = PBXBuildFile; fileRef = D368A1CA21E4B81000FDF169 /* LaunchScreen.storyboard */; };
		D368A1CF21E4B81000FDF169 /* main.m in Sources */ = {isa = PBXBuildFile; fileRef = D368A1CE21E4B81000FDF169 /* main.m */; };
		D368A1D721E4B82100FDF169 /* ConnectNodesAndRecordManager.m in Sources */ = {isa = PBXBuildFile; fileRef = D368A1D621E4B82100FDF169 /* ConnectNodesAndRecordManager.m */; };
		D368A1D921E4D36200FDF169 /* sound.m4a in Resources */ = {isa = PBXBuildFile; fileRef = D368A1D821E4CB1B00FDF169 /* sound.m4a */; };
		D3800000228DBB9400EDED63 /* libffmpeg.a in Frameworks */ = {isa = PBXBuildFile; fileRef = D380FFF9228DBB9300EDED63 /* libffmpeg.a */; };
		D3800001228DBB9400EDED63 /* libavutil.a in Frameworks */ = {isa = PBXBuildFile; fileRef = D380FFFA228DBB9300EDED63 /* libavutil.a */; };
		D3800002228DBB9400EDED63 /* libavfilter.a in Frameworks */ = {isa = PBXBuildFile; fileRef = D380FFFB228DBB9300EDED63 /* libavfilter.a */; };
		D3800003228DBB9400EDED63 /* libavformat.a in Frameworks */ = {isa = PBXBuildFile; fileRef = D380FFFC228DBB9300EDED63 /* libavformat.a */; };
		D3800004228DBB9400EDED63 /* libavcodec.a in Frameworks */ = {isa = PBXBuildFile; fileRef = D380FFFD228DBB9400EDED63 /* libavcodec.a */; };
		D380000D228FB02200EDED63 /* lib in Resources */ = {isa = PBXBuildFile; fileRef = D380000B228FB02200EDED63 /* lib */; };
		D3800016228FB19A00EDED63 /* include in Resources */ = {isa = PBXBuildFile; fileRef = D3800015228FB19A00EDED63 /* include */; };
		D380FFFE228DBB9400EDED63 /* libswscale.a in Frameworks */ = {isa = PBXBuildFile; fileRef = D380FFF7228DBB9300EDED63 /* libswscale.a */; };
		D380FFFF228DBB9400EDED63 /* libswresample.a in Frameworks */ = {isa = PBXBuildFile; fileRef = D380FFF8228DBB9300EDED63 /* libswresample.a */; };
		D3A6729F227C7D1B0004CF5C /* ConnectAUNodesVC.mm in Sources */ = {isa = PBXBuildFile; fileRef = D3A6729E227C7D1B0004CF5C /* ConnectAUNodesVC.mm */; };
		D3A672A2227C7D330004CF5C /* ConnectNodesAndRecordVC.mm in Sources */ = {isa = PBXBuildFile; fileRef = D3A672A1227C7D330004CF5C /* ConnectNodesAndRecordVC.mm */; };
		D3A672A5227C7D460004CF5C /* RenderAUWithStreamVC.mm in Sources */ = {isa = PBXBuildFile; fileRef = D3A672A4227C7D460004CF5C /* RenderAUWithStreamVC.mm */; };
		D3A672A8227C7D530004CF5C /* RenderAUWithFFmpegVC.m in Sources */ = {isa = PBXBuildFile; fileRef = D3A672A7227C7D530004CF5C /* RenderAUWithFFmpegVC.m */; };
		D3A672AB227C7D6A0004CF5C /* EncodeWithAUVC.mm in Sources */ = {isa = PBXBuildFile; fileRef = D3A672AA227C7D6A0004CF5C /* EncodeWithAUVC.mm */; };
		D3B8A20B21F749FC00EA1F1F /* 131.aac in Resources */ = {isa = PBXBuildFile; fileRef = D3B8A20A21F749FC00EA1F1F /* 131.aac */; };
		D3B8A20E21F74A3D00EA1F1F /* abc.aac in Resources */ = {isa = PBXBuildFile; fileRef = D3B8A20C21F74A3D00EA1F1F /* abc.aac */; };
		D3B8A20F21F74A3D00EA1F1F /* abc.pcm in Resources */ = {isa = PBXBuildFile; fileRef = D3B8A20D21F74A3D00EA1F1F /* abc.pcm */; };
		D3E042422205A1130086A76C /* CommonUtil.m in Sources */ = {isa = PBXBuildFile; fileRef = D3E042412205A1130086A76C /* CommonUtil.m */; };
		D3E042442205D0E90086A76C /* RenderAUWithStreamDataManager.m in Sources */ = {isa = PBXBuildFile; fileRef = D3E042432205D0E90086A76C /* RenderAUWithStreamDataManager.m */; };
		D3E04249220737C40086A76C /* ConnectAUNodesManager.m in Sources */ = {isa = PBXBuildFile; fileRef = D3E04248220737C40086A76C /* ConnectAUNodesManager.m */; };
/* End PBXBuildFile section */

/* Begin PBXFileReference section */
		D30993A421F0C3FF00671359 /* RenderAUWithFFmpegDataManager.m */ = {isa = PBXFileReference; fileEncoding = 4; lastKnownFileType = sourcecode.c.objc; path = RenderAUWithFFmpegDataManager.m; sourceTree = "<group>"; };
		D315720821EE0F1C00A49D73 /* RenderAUWithFFmpegDataManager.h */ = {isa = PBXFileReference; lastKnownFileType = sourcecode.c.h; path = RenderAUWithFFmpegDataManager.h; sourceTree = "<group>"; };
		D315720B21EE11BA00A49D73 /* test.pcm */ = {isa = PBXFileReference; lastKnownFileType = file; name = test.pcm; path = AudUnit/Resources/test.pcm; sourceTree = SOURCE_ROOT; };
		D318EB3221FA02AA000E7E96 /* RenderAUWithStreamDataManager.h */ = {isa = PBXFileReference; fileEncoding = 4; lastKnownFileType = sourcecode.c.h; path = RenderAUWithStreamDataManager.h; sourceTree = "<group>"; };
		D318EB3821FA037E000E7E96 /* accompany_decoder_controller.h */ = {isa = PBXFileReference; fileEncoding = 4; lastKnownFileType = sourcecode.c.h; name = accompany_decoder_controller.h; path = AudUnit/accompany_decoder_controller.h; sourceTree = SOURCE_ROOT; };
		D318EB3921FA037E000E7E96 /* accompany_decoder.cpp */ = {isa = PBXFileReference; fileEncoding = 4; lastKnownFileType = sourcecode.cpp.cpp; name = accompany_decoder.cpp; path = AudUnit/accompany_decoder.cpp; sourceTree = SOURCE_ROOT; };
		D318EB3A21FA037E000E7E96 /* accompany_decoder.h */ = {isa = PBXFileReference; fileEncoding = 4; lastKnownFileType = sourcecode.c.h; name = accompany_decoder.h; path = AudUnit/accompany_decoder.h; sourceTree = SOURCE_ROOT; };
		D318EB3B21FA037E000E7E96 /* accompany_decoder_controller.cpp */ = {isa = PBXFileReference; fileEncoding = 4; lastKnownFileType = sourcecode.cpp.cpp; name = accompany_decoder_controller.cpp; path = AudUnit/accompany_decoder_controller.cpp; sourceTree = SOURCE_ROOT; };
		D318EB3E21FA0388000E7E96 /* MyDecoder.cpp */ = {isa = PBXFileReference; fileEncoding = 4; lastKnownFileType = sourcecode.cpp.cpp; name = MyDecoder.cpp; path = AudUnit/MyDecoder.cpp; sourceTree = SOURCE_ROOT; };
		D318EB3F21FA0388000E7E96 /* packet_queue.cpp */ = {isa = PBXFileReference; fileEncoding = 4; lastKnownFileType = sourcecode.cpp.cpp; name = packet_queue.cpp; path = AudUnit/packet_queue.cpp; sourceTree = SOURCE_ROOT; };
		D318EB4021FA0388000E7E96 /* MyDecoder.hpp */ = {isa = PBXFileReference; fileEncoding = 4; lastKnownFileType = sourcecode.cpp.h; name = MyDecoder.hpp; path = AudUnit/MyDecoder.hpp; sourceTree = SOURCE_ROOT; };
		D318EB4121FA0388000E7E96 /* packet_pool.h */ = {isa = PBXFileReference; fileEncoding = 4; lastKnownFileType = sourcecode.c.h; name = packet_pool.h; path = AudUnit/packet_pool.h; sourceTree = SOURCE_ROOT; };
		D318EB4221FA0388000E7E96 /* packet_queue.h */ = {isa = PBXFileReference; fileEncoding = 4; lastKnownFileType = sourcecode.c.h; name = packet_queue.h; path = AudUnit/packet_queue.h; sourceTree = SOURCE_ROOT; };
		D318EB4321FA0388000E7E96 /* packet_pool.cpp */ = {isa = PBXFileReference; fileEncoding = 4; lastKnownFileType = sourcecode.cpp.cpp; name = packet_pool.cpp; path = AudUnit/packet_pool.cpp; sourceTree = SOURCE_ROOT; };
		D3259164226DF69A005254F5 /* MyFFmpegEncoder.h */ = {isa = PBXFileReference; fileEncoding = 4; lastKnownFileType = sourcecode.c.h; name = MyFFmpegEncoder.h; path = AudUnit/MyFFmpegEncoder.h; sourceTree = SOURCE_ROOT; };
		D3259165226DF69B005254F5 /* MyAUEncoder.h */ = {isa = PBXFileReference; fileEncoding = 4; lastKnownFileType = sourcecode.c.h; name = MyAUEncoder.h; path = AudUnit/MyAUEncoder.h; sourceTree = SOURCE_ROOT; };
		D3259166226DF69B005254F5 /* MyAUEncoder.m */ = {isa = PBXFileReference; fileEncoding = 4; lastKnownFileType = sourcecode.c.objc; name = MyAUEncoder.m; path = AudUnit/MyAUEncoder.m; sourceTree = SOURCE_ROOT; };
		D3259167226DF69B005254F5 /* MyFFmpegEncoder.m */ = {isa = PBXFileReference; fileEncoding = 4; lastKnownFileType = sourcecode.c.objc; name = MyFFmpegEncoder.m; path = AudUnit/MyFFmpegEncoder.m; sourceTree = SOURCE_ROOT; };
		D32DF002232C83B300762EA9 /* SSZAACSoftEncoder.m */ = {isa = PBXFileReference; fileEncoding = 4; lastKnownFileType = sourcecode.c.objc; path = SSZAACSoftEncoder.m; sourceTree = "<group>"; };
		D32DF003232C83B300762EA9 /* SSZAACSoftEncoder.h */ = {isa = PBXFileReference; fileEncoding = 4; lastKnownFileType = sourcecode.c.h; path = SSZAACSoftEncoder.h; sourceTree = "<group>"; };
		D32DF005232C840900762EA9 /* FDK-AAC */ = {isa = PBXFileReference; lastKnownFileType = folder; path = "FDK-AAC"; sourceTree = "<group>"; };
		D32DF007232CE09400762EA9 /* SSZAudioConfig.h */ = {isa = PBXFileReference; lastKnownFileType = sourcecode.c.h; path = SSZAudioConfig.h; sourceTree = "<group>"; };
		D32DF008232CE09400762EA9 /* SSZAudioConfig.m */ = {isa = PBXFileReference; lastKnownFileType = sourcecode.c.objc; path = SSZAudioConfig.m; sourceTree = "<group>"; };
		D33CCC4221F451E000981467 /* MessageUI.framework */ = {isa = PBXFileReference; lastKnownFileType = wrapper.framework; name = MessageUI.framework; path = System/Library/Frameworks/MessageUI.framework; sourceTree = SDKROOT; };
		D33CCC4421F451F700981467 /* libiconv.2.4.0.tbd */ = {isa = PBXFileReference; lastKnownFileType = "sourcecode.text-based-dylib-definition"; name = libiconv.2.4.0.tbd; path = usr/lib/libiconv.2.4.0.tbd; sourceTree = SDKROOT; };
		D33CCC4A21F97F3C00981467 /* 111.aac */ = {isa = PBXFileReference; lastKnownFileType = file; path = 111.aac; sourceTree = "<group>"; };
		D368A1BC21E4B80F00FDF169 /* AudUnit.app */ = {isa = PBXFileReference; explicitFileType = wrapper.application; includeInIndex = 0; path = AudUnit.app; sourceTree = BUILT_PRODUCTS_DIR; };
		D368A1BF21E4B80F00FDF169 /* AppDelegate.h */ = {isa = PBXFileReference; lastKnownFileType = sourcecode.c.h; path = AppDelegate.h; sourceTree = "<group>"; };
		D368A1C021E4B80F00FDF169 /* AppDelegate.m */ = {isa = PBXFileReference; lastKnownFileType = sourcecode.c.objc; path = AppDelegate.m; sourceTree = "<group>"; };
		D368A1C221E4B80F00FDF169 /* ViewController.h */ = {isa = PBXFileReference; lastKnownFileType = sourcecode.c.h; path = ViewController.h; sourceTree = "<group>"; };
		D368A1C321E4B80F00FDF169 /* ViewController.mm */ = {isa = PBXFileReference; lastKnownFileType = sourcecode.cpp.objcpp; path = ViewController.mm; sourceTree = "<group>"; };
		D368A1C621E4B80F00FDF169 /* Base */ = {isa = PBXFileReference; lastKnownFileType = file.storyboard; name = Base; path = Base.lproj/Main.storyboard; sourceTree = "<group>"; };
		D368A1C821E4B81000FDF169 /* Assets.xcassets */ = {isa = PBXFileReference; lastKnownFileType = folder.assetcatalog; path = Assets.xcassets; sourceTree = "<group>"; };
		D368A1CB21E4B81000FDF169 /* Base */ = {isa = PBXFileReference; lastKnownFileType = file.storyboard; name = Base; path = Base.lproj/LaunchScreen.storyboard; sourceTree = "<group>"; };
		D368A1CD21E4B81000FDF169 /* Info.plist */ = {isa = PBXFileReference; lastKnownFileType = text.plist.xml; path = Info.plist; sourceTree = "<group>"; };
		D368A1CE21E4B81000FDF169 /* main.m */ = {isa = PBXFileReference; lastKnownFileType = sourcecode.c.objc; path = main.m; sourceTree = "<group>"; };
		D368A1D521E4B82100FDF169 /* ConnectNodesAndRecordManager.h */ = {isa = PBXFileReference; fileEncoding = 4; lastKnownFileType = sourcecode.c.h; path = ConnectNodesAndRecordManager.h; sourceTree = "<group>"; };
		D368A1D621E4B82100FDF169 /* ConnectNodesAndRecordManager.m */ = {isa = PBXFileReference; fileEncoding = 4; lastKnownFileType = sourcecode.c.objc; path = ConnectNodesAndRecordManager.m; sourceTree = "<group>"; };
		D368A1D821E4CB1B00FDF169 /* sound.m4a */ = {isa = PBXFileReference; lastKnownFileType = file; path = sound.m4a; sourceTree = "<group>"; };
		D380000B228FB02200EDED63 /* lib */ = {isa = PBXFileReference; lastKnownFileType = folder; path = lib; sourceTree = "<group>"; };
		D3800015228FB19A00EDED63 /* include */ = {isa = PBXFileReference; lastKnownFileType = folder; path = include; sourceTree = "<group>"; };
		D380FFF7228DBB9300EDED63 /* libswscale.a */ = {isa = PBXFileReference; lastKnownFileType = archive.ar; name = libswscale.a; path = AudUnit/3rdparty/ffmpeg/lib/libswscale.a; sourceTree = "<group>"; };
		D380FFF8228DBB9300EDED63 /* libswresample.a */ = {isa = PBXFileReference; lastKnownFileType = archive.ar; name = libswresample.a; path = AudUnit/3rdparty/ffmpeg/lib/libswresample.a; sourceTree = "<group>"; };
		D380FFF9228DBB9300EDED63 /* libffmpeg.a */ = {isa = PBXFileReference; lastKnownFileType = archive.ar; name = libffmpeg.a; path = AudUnit/3rdparty/ffmpeg/lib/libffmpeg.a; sourceTree = "<group>"; };
		D380FFFA228DBB9300EDED63 /* libavutil.a */ = {isa = PBXFileReference; lastKnownFileType = archive.ar; name = libavutil.a; path = AudUnit/3rdparty/ffmpeg/lib/libavutil.a; sourceTree = "<group>"; };
		D380FFFB228DBB9300EDED63 /* libavfilter.a */ = {isa = PBXFileReference; lastKnownFileType = archive.ar; name = libavfilter.a; path = AudUnit/3rdparty/ffmpeg/lib/libavfilter.a; sourceTree = "<group>"; };
		D380FFFC228DBB9300EDED63 /* libavformat.a */ = {isa = PBXFileReference; lastKnownFileType = archive.ar; name = libavformat.a; path = AudUnit/3rdparty/ffmpeg/lib/libavformat.a; sourceTree = "<group>"; };
		D380FFFD228DBB9400EDED63 /* libavcodec.a */ = {isa = PBXFileReference; lastKnownFileType = archive.ar; name = libavcodec.a; path = AudUnit/3rdparty/ffmpeg/lib/libavcodec.a; sourceTree = "<group>"; };
		D3A6729D227C7D1B0004CF5C /* ConnectAUNodesVC.h */ = {isa = PBXFileReference; lastKnownFileType = sourcecode.c.h; path = ConnectAUNodesVC.h; sourceTree = "<group>"; };
		D3A6729E227C7D1B0004CF5C /* ConnectAUNodesVC.mm */ = {isa = PBXFileReference; lastKnownFileType = sourcecode.cpp.objcpp; path = ConnectAUNodesVC.mm; sourceTree = "<group>"; };
		D3A672A0227C7D330004CF5C /* ConnectNodesAndRecordVC.h */ = {isa = PBXFileReference; lastKnownFileType = sourcecode.c.h; path = ConnectNodesAndRecordVC.h; sourceTree = "<group>"; };
		D3A672A1227C7D330004CF5C /* ConnectNodesAndRecordVC.mm */ = {isa = PBXFileReference; lastKnownFileType = sourcecode.cpp.objcpp; path = ConnectNodesAndRecordVC.mm; sourceTree = "<group>"; };
		D3A672A3227C7D460004CF5C /* RenderAUWithStreamVC.h */ = {isa = PBXFileReference; lastKnownFileType = sourcecode.c.h; path = RenderAUWithStreamVC.h; sourceTree = "<group>"; };
		D3A672A4227C7D460004CF5C /* RenderAUWithStreamVC.mm */ = {isa = PBXFileReference; lastKnownFileType = sourcecode.cpp.objcpp; path = RenderAUWithStreamVC.mm; sourceTree = "<group>"; };
		D3A672A6227C7D530004CF5C /* RenderAUWithFFmpegVC.h */ = {isa = PBXFileReference; lastKnownFileType = sourcecode.c.h; path = RenderAUWithFFmpegVC.h; sourceTree = "<group>"; };
		D3A672A7227C7D530004CF5C /* RenderAUWithFFmpegVC.m */ = {isa = PBXFileReference; lastKnownFileType = sourcecode.c.objc; path = RenderAUWithFFmpegVC.m; sourceTree = "<group>"; };
		D3A672A9227C7D6A0004CF5C /* EncodeWithAUVC.h */ = {isa = PBXFileReference; lastKnownFileType = sourcecode.c.h; path = EncodeWithAUVC.h; sourceTree = "<group>"; };
		D3A672AA227C7D6A0004CF5C /* EncodeWithAUVC.mm */ = {isa = PBXFileReference; lastKnownFileType = sourcecode.cpp.objcpp; path = EncodeWithAUVC.mm; sourceTree = "<group>"; };
		D3B8A20A21F749FC00EA1F1F /* 131.aac */ = {isa = PBXFileReference; lastKnownFileType = file; path = 131.aac; sourceTree = "<group>"; };
		D3B8A20C21F74A3D00EA1F1F /* abc.aac */ = {isa = PBXFileReference; lastKnownFileType = file; path = abc.aac; sourceTree = "<group>"; };
		D3B8A20D21F74A3D00EA1F1F /* abc.pcm */ = {isa = PBXFileReference; lastKnownFileType = file; path = abc.pcm; sourceTree = "<group>"; };
		D3E042402205A1130086A76C /* CommonUtil.h */ = {isa = PBXFileReference; fileEncoding = 4; lastKnownFileType = sourcecode.c.h; path = CommonUtil.h; sourceTree = "<group>"; };
		D3E042412205A1130086A76C /* CommonUtil.m */ = {isa = PBXFileReference; fileEncoding = 4; lastKnownFileType = sourcecode.c.objc; path = CommonUtil.m; sourceTree = "<group>"; };
		D3E042432205D0E90086A76C /* RenderAUWithStreamDataManager.m */ = {isa = PBXFileReference; fileEncoding = 4; lastKnownFileType = sourcecode.c.objc; path = RenderAUWithStreamDataManager.m; sourceTree = "<group>"; };
		D3E04247220737C40086A76C /* ConnectAUNodesManager.h */ = {isa = PBXFileReference; fileEncoding = 4; lastKnownFileType = sourcecode.c.h; path = ConnectAUNodesManager.h; sourceTree = "<group>"; };
		D3E04248220737C40086A76C /* ConnectAUNodesManager.m */ = {isa = PBXFileReference; fileEncoding = 4; lastKnownFileType = sourcecode.c.objc; path = ConnectAUNodesManager.m; sourceTree = "<group>"; };
/* End PBXFileReference section */

/* Begin PBXFrameworksBuildPhase section */
		D368A1B921E4B80F00FDF169 /* Frameworks */ = {
			isa = PBXFrameworksBuildPhase;
			buildActionMask = 2147483647;
			files = (
				D380FFFE228DBB9400EDED63 /* libswscale.a in Frameworks */,
				D380FFFF228DBB9400EDED63 /* libswresample.a in Frameworks */,
				D3800000228DBB9400EDED63 /* libffmpeg.a in Frameworks */,
				D3800001228DBB9400EDED63 /* libavutil.a in Frameworks */,
				D3800002228DBB9400EDED63 /* libavfilter.a in Frameworks */,
				D3800003228DBB9400EDED63 /* libavformat.a in Frameworks */,
				D3800004228DBB9400EDED63 /* libavcodec.a in Frameworks */,
				D33CCC4521F451F700981467 /* libiconv.2.4.0.tbd in Frameworks */,
			);
			runOnlyForDeploymentPostprocessing = 0;
		};
/* End PBXFrameworksBuildPhase section */

/* Begin PBXGroup section */
		D318EB3721FA0362000E7E96 /* FFmpeg */ = {
			isa = PBXGroup;
			children = (
				D318EB3E21FA0388000E7E96 /* MyDecoder.cpp */,
				D318EB4021FA0388000E7E96 /* MyDecoder.hpp */,
				D318EB4321FA0388000E7E96 /* packet_pool.cpp */,
				D318EB4121FA0388000E7E96 /* packet_pool.h */,
				D318EB3F21FA0388000E7E96 /* packet_queue.cpp */,
				D318EB4221FA0388000E7E96 /* packet_queue.h */,
				D318EB3B21FA037E000E7E96 /* accompany_decoder_controller.cpp */,
				D318EB3821FA037E000E7E96 /* accompany_decoder_controller.h */,
				D318EB3921FA037E000E7E96 /* accompany_decoder.cpp */,
				D318EB3A21FA037E000E7E96 /* accompany_decoder.h */,
				D3259165226DF69B005254F5 /* MyAUEncoder.h */,
				D3259166226DF69B005254F5 /* MyAUEncoder.m */,
				D3259164226DF69A005254F5 /* MyFFmpegEncoder.h */,
				D3259167226DF69B005254F5 /* MyFFmpegEncoder.m */,
			);
			path = FFmpeg;
			sourceTree = "<group>";
		};
		D318EB4721FA03A1000E7E96 /* AU */ = {
			isa = PBXGroup;
			children = (
				D3E04247220737C40086A76C /* ConnectAUNodesManager.h */,
				D3E04248220737C40086A76C /* ConnectAUNodesManager.m */,
				D368A1D521E4B82100FDF169 /* ConnectNodesAndRecordManager.h */,
				D368A1D621E4B82100FDF169 /* ConnectNodesAndRecordManager.m */,
				D318EB3221FA02AA000E7E96 /* RenderAUWithStreamDataManager.h */,
				D3E042432205D0E90086A76C /* RenderAUWithStreamDataManager.m */,
				D315720821EE0F1C00A49D73 /* RenderAUWithFFmpegDataManager.h */,
				D30993A421F0C3FF00671359 /* RenderAUWithFFmpegDataManager.m */,
			);
			path = AU;
			sourceTree = "<group>";
		};
		D318EB4821FA03B3000E7E96 /* Resources */ = {
			isa = PBXGroup;
			children = (
				D3B8A20C21F74A3D00EA1F1F /* abc.aac */,
				D33CCC4A21F97F3C00981467 /* 111.aac */,
				D3B8A20D21F74A3D00EA1F1F /* abc.pcm */,
				D3B8A20A21F749FC00EA1F1F /* 131.aac */,
				D315720B21EE11BA00A49D73 /* test.pcm */,
				D368A1D821E4CB1B00FDF169 /* sound.m4a */,
			);
			path = Resources;
			sourceTree = "<group>";
		};
		D33CCBE421F42C1E00981467 /* 3rdparty */ = {
			isa = PBXGroup;
			children = (
				D32DF005232C840900762EA9 /* FDK-AAC */,
				D33CCBE521F42C1E00981467 /* ffmpeg */,
			);
			path = 3rdparty;
			sourceTree = "<group>";
		};
		D33CCBE521F42C1E00981467 /* ffmpeg */ = {
			isa = PBXGroup;
			children = (
				D3800015228FB19A00EDED63 /* include */,
				D380000B228FB02200EDED63 /* lib */,
			);
			path = ffmpeg;
			sourceTree = "<group>";
		};
		D33CCC4121F451E000981467 /* Frameworks */ = {
			isa = PBXGroup;
			children = (
				D380FFFD228DBB9400EDED63 /* libavcodec.a */,
				D380FFFB228DBB9300EDED63 /* libavfilter.a */,
				D380FFFC228DBB9300EDED63 /* libavformat.a */,
				D380FFFA228DBB9300EDED63 /* libavutil.a */,
				D380FFF9228DBB9300EDED63 /* libffmpeg.a */,
				D380FFF8228DBB9300EDED63 /* libswresample.a */,
				D380FFF7228DBB9300EDED63 /* libswscale.a */,
				D33CCC4421F451F700981467 /* libiconv.2.4.0.tbd */,
				D33CCC4221F451E000981467 /* MessageUI.framework */,
			);
			name = Frameworks;
			sourceTree = "<group>";
		};
		D368A1B321E4B80F00FDF169 = {
			isa = PBXGroup;
			children = (
				D368A1BE21E4B80F00FDF169 /* AudUnit */,
				D368A1BD21E4B80F00FDF169 /* Products */,
				D33CCC4121F451E000981467 /* Frameworks */,
			);
			sourceTree = "<group>";
		};
		D368A1BD21E4B80F00FDF169 /* Products */ = {
			isa = PBXGroup;
			children = (
				D368A1BC21E4B80F00FDF169 /* AudUnit.app */,
			);
			name = Products;
			sourceTree = "<group>";
		};
		D368A1BE21E4B80F00FDF169 /* AudUnit */ = {
			isa = PBXGroup;
			children = (
				D32DF003232C83B300762EA9 /* SSZAACSoftEncoder.h */,
				D32DF002232C83B300762EA9 /* SSZAACSoftEncoder.m */,
				D32DF007232CE09400762EA9 /* SSZAudioConfig.h */,
				D32DF008232CE09400762EA9 /* SSZAudioConfig.m */,
				D3E0423F2205A1060086A76C /* Utilities */,
				D318EB4821FA03B3000E7E96 /* Resources */,
				D318EB4721FA03A1000E7E96 /* AU */,
				D318EB3721FA0362000E7E96 /* FFmpeg */,
				D33CCBE421F42C1E00981467 /* 3rdparty */,
				D368A1BF21E4B80F00FDF169 /* AppDelegate.h */,
				D368A1C021E4B80F00FDF169 /* AppDelegate.m */,
				D368A1C221E4B80F00FDF169 /* ViewController.h */,
				D368A1C321E4B80F00FDF169 /* ViewController.mm */,
				D3A6729D227C7D1B0004CF5C /* ConnectAUNodesVC.h */,
				D3A6729E227C7D1B0004CF5C /* ConnectAUNodesVC.mm */,
				D3A672A0227C7D330004CF5C /* ConnectNodesAndRecordVC.h */,
				D3A672A1227C7D330004CF5C /* ConnectNodesAndRecordVC.mm */,
				D3A672A3227C7D460004CF5C /* RenderAUWithStreamVC.h */,
				D3A672A4227C7D460004CF5C /* RenderAUWithStreamVC.mm */,
				D3A672A6227C7D530004CF5C /* RenderAUWithFFmpegVC.h */,
				D3A672A7227C7D530004CF5C /* RenderAUWithFFmpegVC.m */,
				D3A672A9227C7D6A0004CF5C /* EncodeWithAUVC.h */,
				D3A672AA227C7D6A0004CF5C /* EncodeWithAUVC.mm */,
				D368A1C521E4B80F00FDF169 /* Main.storyboard */,
				D368A1C821E4B81000FDF169 /* Assets.xcassets */,
				D368A1CA21E4B81000FDF169 /* LaunchScreen.storyboard */,
				D368A1CD21E4B81000FDF169 /* Info.plist */,
				D368A1CE21E4B81000FDF169 /* main.m */,
			);
			path = AudUnit;
			sourceTree = "<group>";
		};
		D3E0423F2205A1060086A76C /* Utilities */ = {
			isa = PBXGroup;
			children = (
				D3E042402205A1130086A76C /* CommonUtil.h */,
				D3E042412205A1130086A76C /* CommonUtil.m */,
			);
			path = Utilities;
			sourceTree = "<group>";
		};
/* End PBXGroup section */

/* Begin PBXNativeTarget section */
		D368A1BB21E4B80F00FDF169 /* AudUnit */ = {
			isa = PBXNativeTarget;
			buildConfigurationList = D368A1D221E4B81000FDF169 /* Build configuration list for PBXNativeTarget "AudUnit" */;
			buildPhases = (
				D368A1B821E4B80F00FDF169 /* Sources */,
				D368A1B921E4B80F00FDF169 /* Frameworks */,
				D368A1BA21E4B80F00FDF169 /* Resources */,
			);
			buildRules = (
			);
			dependencies = (
			);
			name = AudUnit;
			productName = AudUnit;
			productReference = D368A1BC21E4B80F00FDF169 /* AudUnit.app */;
			productType = "com.apple.product-type.application";
		};
/* End PBXNativeTarget section */

/* Begin PBXProject section */
		D368A1B421E4B80F00FDF169 /* Project object */ = {
			isa = PBXProject;
			attributes = {
				LastUpgradeCheck = 1010;
				ORGANIZATIONNAME = "sihang huang";
				TargetAttributes = {
					D368A1BB21E4B80F00FDF169 = {
						CreatedOnToolsVersion = 10.1;
					};
				};
			};
			buildConfigurationList = D368A1B721E4B80F00FDF169 /* Build configuration list for PBXProject "AudUnit" */;
			compatibilityVersion = "Xcode 9.3";
			developmentRegion = en;
			hasScannedForEncodings = 0;
			knownRegions = (
				en,
				Base,
			);
			mainGroup = D368A1B321E4B80F00FDF169;
			productRefGroup = D368A1BD21E4B80F00FDF169 /* Products */;
			projectDirPath = "";
			projectRoot = "";
			targets = (
				D368A1BB21E4B80F00FDF169 /* AudUnit */,
			);
		};
/* End PBXProject section */

/* Begin PBXResourcesBuildPhase section */
		D368A1BA21E4B80F00FDF169 /* Resources */ = {
			isa = PBXResourcesBuildPhase;
			buildActionMask = 2147483647;
			files = (
				D33CCC4B21F97F3C00981467 /* 111.aac in Resources */,
				D368A1CC21E4B81000FDF169 /* LaunchScreen.storyboard in Resources */,
				D368A1C921E4B81000FDF169 /* Assets.xcassets in Resources */,
				D3B8A20E21F74A3D00EA1F1F /* abc.aac in Resources */,
				D3800016228FB19A00EDED63 /* include in Resources */,
				D3B8A20F21F74A3D00EA1F1F /* abc.pcm in Resources */,
				D32DF006232C840900762EA9 /* FDK-AAC in Resources */,
				D368A1D921E4D36200FDF169 /* sound.m4a in Resources */,
				D380000D228FB02200EDED63 /* lib in Resources */,
				D3B8A20B21F749FC00EA1F1F /* 131.aac in Resources */,
				D368A1C721E4B80F00FDF169 /* Main.storyboard in Resources */,
				D315720C21EE1D3700A49D73 /* test.pcm in Resources */,
			);
			runOnlyForDeploymentPostprocessing = 0;
		};
/* End PBXResourcesBuildPhase section */

/* Begin PBXSourcesBuildPhase section */
		D368A1B821E4B80F00FDF169 /* Sources */ = {
			isa = PBXSourcesBuildPhase;
			buildActionMask = 2147483647;
			files = (
				D318EB3D21FA037E000E7E96 /* accompany_decoder_controller.cpp in Sources */,
				D318EB3C21FA037E000E7E96 /* accompany_decoder.cpp in Sources */,
				D3E042442205D0E90086A76C /* RenderAUWithStreamDataManager.m in Sources */,
				D3E04249220737C40086A76C /* ConnectAUNodesManager.m in Sources */,
				D3259168226DF69B005254F5 /* MyAUEncoder.m in Sources */,
				D318EB4621FA0388000E7E96 /* packet_pool.cpp in Sources */,
				D3A672A5227C7D460004CF5C /* RenderAUWithStreamVC.mm in Sources */,
				D368A1C421E4B80F00FDF169 /* ViewController.mm in Sources */,
				D30993A521F0C3FF00671359 /* RenderAUWithFFmpegDataManager.m in Sources */,
				D3A672A2227C7D330004CF5C /* ConnectNodesAndRecordVC.mm in Sources */,
				D3A672A8227C7D530004CF5C /* RenderAUWithFFmpegVC.m in Sources */,
				D368A1CF21E4B81000FDF169 /* main.m in Sources */,
				D368A1D721E4B82100FDF169 /* ConnectNodesAndRecordManager.m in Sources */,
				D318EB4521FA0388000E7E96 /* packet_queue.cpp in Sources */,
				D3259169226DF69B005254F5 /* MyFFmpegEncoder.m in Sources */,
				D32DF009232CE09400762EA9 /* SSZAudioConfig.m in Sources */,
				D368A1C121E4B80F00FDF169 /* AppDelegate.m in Sources */,
				D3A672AB227C7D6A0004CF5C /* EncodeWithAUVC.mm in Sources */,
				D3E042422205A1130086A76C /* CommonUtil.m in Sources */,
				D318EB4421FA0388000E7E96 /* MyDecoder.cpp in Sources */,
				D3A6729F227C7D1B0004CF5C /* ConnectAUNodesVC.mm in Sources */,
				D32DF004232C83B400762EA9 /* SSZAACSoftEncoder.m in Sources */,
			);
			runOnlyForDeploymentPostprocessing = 0;
		};
/* End PBXSourcesBuildPhase section */

/* Begin PBXVariantGroup section */
		D368A1C521E4B80F00FDF169 /* Main.storyboard */ = {
			isa = PBXVariantGroup;
			children = (
				D368A1C621E4B80F00FDF169 /* Base */,
			);
			name = Main.storyboard;
			sourceTree = "<group>";
		};
		D368A1CA21E4B81000FDF169 /* LaunchScreen.storyboard */ = {
			isa = PBXVariantGroup;
			children = (
				D368A1CB21E4B81000FDF169 /* Base */,
			);
			name = LaunchScreen.storyboard;
			sourceTree = "<group>";
		};
/* End PBXVariantGroup section */

/* Begin XCBuildConfiguration section */
		D368A1D021E4B81000FDF169 /* Debug */ = {
			isa = XCBuildConfiguration;
			buildSettings = {
				ALWAYS_SEARCH_USER_PATHS = NO;
				CLANG_ANALYZER_NONNULL = YES;
				CLANG_ANALYZER_NUMBER_OBJECT_CONVERSION = YES_AGGRESSIVE;
				CLANG_CXX_LANGUAGE_STANDARD = "gnu++14";
				CLANG_CXX_LIBRARY = "libc++";
				CLANG_ENABLE_MODULES = YES;
				CLANG_ENABLE_OBJC_ARC = YES;
				CLANG_ENABLE_OBJC_WEAK = YES;
				CLANG_WARN_BLOCK_CAPTURE_AUTORELEASING = YES;
				CLANG_WARN_BOOL_CONVERSION = YES;
				CLANG_WARN_COMMA = YES;
				CLANG_WARN_CONSTANT_CONVERSION = YES;
				CLANG_WARN_DEPRECATED_OBJC_IMPLEMENTATIONS = YES;
				CLANG_WARN_DIRECT_OBJC_ISA_USAGE = YES_ERROR;
				CLANG_WARN_DOCUMENTATION_COMMENTS = YES;
				CLANG_WARN_EMPTY_BODY = YES;
				CLANG_WARN_ENUM_CONVERSION = YES;
				CLANG_WARN_INFINITE_RECURSION = YES;
				CLANG_WARN_INT_CONVERSION = YES;
				CLANG_WARN_NON_LITERAL_NULL_CONVERSION = YES;
				CLANG_WARN_OBJC_IMPLICIT_RETAIN_SELF = YES;
				CLANG_WARN_OBJC_LITERAL_CONVERSION = YES;
				CLANG_WARN_OBJC_ROOT_CLASS = YES_ERROR;
				CLANG_WARN_RANGE_LOOP_ANALYSIS = YES;
				CLANG_WARN_STRICT_PROTOTYPES = YES;
				CLANG_WARN_SUSPICIOUS_MOVE = YES;
				CLANG_WARN_UNGUARDED_AVAILABILITY = YES_AGGRESSIVE;
				CLANG_WARN_UNREACHABLE_CODE = YES;
				CLANG_WARN__DUPLICATE_METHOD_MATCH = YES;
				CODE_SIGN_IDENTITY = "iPhone Developer";
				COPY_PHASE_STRIP = NO;
				DEBUG_INFORMATION_FORMAT = dwarf;
				ENABLE_STRICT_OBJC_MSGSEND = YES;
				ENABLE_TESTABILITY = YES;
				GCC_C_LANGUAGE_STANDARD = gnu11;
				GCC_DYNAMIC_NO_PIC = NO;
				GCC_NO_COMMON_BLOCKS = YES;
				GCC_OPTIMIZATION_LEVEL = 0;
				GCC_PREPROCESSOR_DEFINITIONS = (
					"DEBUG=1",
					"$(inherited)",
				);
				GCC_WARN_64_TO_32_BIT_CONVERSION = YES;
				GCC_WARN_ABOUT_RETURN_TYPE = YES_ERROR;
				GCC_WARN_UNDECLARED_SELECTOR = YES;
				GCC_WARN_UNINITIALIZED_AUTOS = YES_AGGRESSIVE;
				GCC_WARN_UNUSED_FUNCTION = YES;
				GCC_WARN_UNUSED_VARIABLE = YES;
				IPHONEOS_DEPLOYMENT_TARGET = 12.1;
				MTL_ENABLE_DEBUG_INFO = INCLUDE_SOURCE;
				MTL_FAST_MATH = YES;
				ONLY_ACTIVE_ARCH = YES;
				SDKROOT = iphoneos;
			};
			name = Debug;
		};
		D368A1D121E4B81000FDF169 /* Release */ = {
			isa = XCBuildConfiguration;
			buildSettings = {
				ALWAYS_SEARCH_USER_PATHS = NO;
				CLANG_ANALYZER_NONNULL = YES;
				CLANG_ANALYZER_NUMBER_OBJECT_CONVERSION = YES_AGGRESSIVE;
				CLANG_CXX_LANGUAGE_STANDARD = "gnu++14";
				CLANG_CXX_LIBRARY = "libc++";
				CLANG_ENABLE_MODULES = YES;
				CLANG_ENABLE_OBJC_ARC = YES;
				CLANG_ENABLE_OBJC_WEAK = YES;
				CLANG_WARN_BLOCK_CAPTURE_AUTORELEASING = YES;
				CLANG_WARN_BOOL_CONVERSION = YES;
				CLANG_WARN_COMMA = YES;
				CLANG_WARN_CONSTANT_CONVERSION = YES;
				CLANG_WARN_DEPRECATED_OBJC_IMPLEMENTATIONS = YES;
				CLANG_WARN_DIRECT_OBJC_ISA_USAGE = YES_ERROR;
				CLANG_WARN_DOCUMENTATION_COMMENTS = YES;
				CLANG_WARN_EMPTY_BODY = YES;
				CLANG_WARN_ENUM_CONVERSION = YES;
				CLANG_WARN_INFINITE_RECURSION = YES;
				CLANG_WARN_INT_CONVERSION = YES;
				CLANG_WARN_NON_LITERAL_NULL_CONVERSION = YES;
				CLANG_WARN_OBJC_IMPLICIT_RETAIN_SELF = YES;
				CLANG_WARN_OBJC_LITERAL_CONVERSION = YES;
				CLANG_WARN_OBJC_ROOT_CLASS = YES_ERROR;
				CLANG_WARN_RANGE_LOOP_ANALYSIS = YES;
				CLANG_WARN_STRICT_PROTOTYPES = YES;
				CLANG_WARN_SUSPICIOUS_MOVE = YES;
				CLANG_WARN_UNGUARDED_AVAILABILITY = YES_AGGRESSIVE;
				CLANG_WARN_UNREACHABLE_CODE = YES;
				CLANG_WARN__DUPLICATE_METHOD_MATCH = YES;
				CODE_SIGN_IDENTITY = "iPhone Developer";
				COPY_PHASE_STRIP = NO;
				DEBUG_INFORMATION_FORMAT = "dwarf-with-dsym";
				ENABLE_NS_ASSERTIONS = NO;
				ENABLE_STRICT_OBJC_MSGSEND = YES;
				GCC_C_LANGUAGE_STANDARD = gnu11;
				GCC_NO_COMMON_BLOCKS = YES;
				GCC_WARN_64_TO_32_BIT_CONVERSION = YES;
				GCC_WARN_ABOUT_RETURN_TYPE = YES_ERROR;
				GCC_WARN_UNDECLARED_SELECTOR = YES;
				GCC_WARN_UNINITIALIZED_AUTOS = YES_AGGRESSIVE;
				GCC_WARN_UNUSED_FUNCTION = YES;
				GCC_WARN_UNUSED_VARIABLE = YES;
				IPHONEOS_DEPLOYMENT_TARGET = 12.1;
				MTL_ENABLE_DEBUG_INFO = NO;
				MTL_FAST_MATH = YES;
				SDKROOT = iphoneos;
				VALIDATE_PRODUCT = YES;
			};
			name = Release;
		};
		D368A1D321E4B81000FDF169 /* Debug */ = {
			isa = XCBuildConfiguration;
			buildSettings = {
				ASSETCATALOG_COMPILER_APPICON_NAME = AppIcon;
				CODE_SIGN_STYLE = Automatic;
				DEVELOPMENT_TEAM = 496CFRCQ48;
				ENABLE_BITCODE = NO;
				HEADER_SEARCH_PATHS = (
					"$(PROJECT_DIR)/AudUnit/3rdparty/ffmpeg/include",
					"$(PROJECT_DIR)/AudUnit/3rdparty/FDK-AAC/include/fdk-aac",
				);
				INFOPLIST_FILE = AudUnit/Info.plist;
				IPHONEOS_DEPLOYMENT_TARGET = 10.0;
				LD_RUNPATH_SEARCH_PATHS = (
					"$(inherited)",
					"@executable_path/Frameworks",
				);
				LIBRARY_SEARCH_PATHS = (
					"$(inherited)",
					"$(PROJECT_DIR)/AudUnit/3rdparty/ffmpeg/lib",
					"$(PROJECT_DIR)/AudUnit/3rdparty/ffmpeg",
				);
				PRODUCT_BUNDLE_IDENTIFIER = com.edu.AudUnit;
				PRODUCT_NAME = "$(TARGET_NAME)";
				TARGETED_DEVICE_FAMILY = "1,2";
			};
			name = Debug;
		};
		D368A1D421E4B81000FDF169 /* Release */ = {
			isa = XCBuildConfiguration;
			buildSettings = {
				ASSETCATALOG_COMPILER_APPICON_NAME = AppIcon;
				CODE_SIGN_STYLE = Automatic;
				DEVELOPMENT_TEAM = 496CFRCQ48;
				ENABLE_BITCODE = NO;
				HEADER_SEARCH_PATHS = (
					"$(PROJECT_DIR)/AudUnit/3rdparty/ffmpeg/include",
					"$(PROJECT_DIR)/AudUnit/3rdparty/FDK-AAC/include/fdk-aac",
				);
				INFOPLIST_FILE = AudUnit/Info.plist;
				IPHONEOS_DEPLOYMENT_TARGET = 10.0;
				LD_RUNPATH_SEARCH_PATHS = (
					"$(inherited)",
					"@executable_path/Frameworks",
				);
				LIBRARY_SEARCH_PATHS = (
					"$(inherited)",
					"$(PROJECT_DIR)/AudUnit/3rdparty/ffmpeg/lib",
					"$(PROJECT_DIR)/AudUnit/3rdparty/ffmpeg",
				);
				PRODUCT_BUNDLE_IDENTIFIER = com.edu.AudUnit;
				PRODUCT_NAME = "$(TARGET_NAME)";
				TARGETED_DEVICE_FAMILY = "1,2";
			};
			name = Release;
		};
/* End XCBuildConfiguration section */

/* Begin XCConfigurationList section */
		D368A1B721E4B80F00FDF169 /* Build configuration list for PBXProject "AudUnit" */ = {
			isa = XCConfigurationList;
			buildConfigurations = (
				D368A1D021E4B81000FDF169 /* Debug */,
				D368A1D121E4B81000FDF169 /* Release */,
			);
			defaultConfigurationIsVisible = 0;
			defaultConfigurationName = Release;
		};
		D368A1D221E4B81000FDF169 /* Build configuration list for PBXNativeTarget "AudUnit" */ = {
			isa = XCConfigurationList;
			buildConfigurations = (
				D368A1D321E4B81000FDF169 /* Debug */,
				D368A1D421E4B81000FDF169 /* Release */,
			);
			defaultConfigurationIsVisible = 0;
			defaultConfigurationName = Release;
		};
/* End XCConfigurationList section */
	};
	rootObject = D368A1B421E4B80F00FDF169 /* Project object */;
}
